// !$*UTF8*$!
{
	archiveVersion = 1;
	classes = {
	};
	objectVersion = 46;
	objects = {

/* Begin PBXBuildFile section */
		18DEA64F1BEB521200DDB10B /* NSArray+FYRemove.m in Sources */ = {isa = PBXBuildFile; fileRef = 18DEA64E1BEB521200DDB10B /* NSArray+FYRemove.m */; };
		18DEA6531BEB52AD00DDB10B /* NSObject+FYStringValue.m in Sources */ = {isa = PBXBuildFile; fileRef = 18DEA6521BEB52AD00DDB10B /* NSObject+FYStringValue.m */; };
		817721921BD4D4BB00F71613 /* UIView+FYTag.m in Sources */ = {isa = PBXBuildFile; fileRef = 817721911BD4D4BB00F71613 /* UIView+FYTag.m */; };
		81B079D31BCCAF9700FDA2EC /* main.m in Sources */ = {isa = PBXBuildFile; fileRef = 81B079D21BCCAF9700FDA2EC /* main.m */; };
		81B079D61BCCAF9700FDA2EC /* AppDelegate.m in Sources */ = {isa = PBXBuildFile; fileRef = 81B079D51BCCAF9700FDA2EC /* AppDelegate.m */; };
		81B079D91BCCAF9700FDA2EC /* ViewController.m in Sources */ = {isa = PBXBuildFile; fileRef = 81B079D81BCCAF9700FDA2EC /* ViewController.m */; };
		81B079DC1BCCAF9700FDA2EC /* Main.storyboard in Resources */ = {isa = PBXBuildFile; fileRef = 81B079DA1BCCAF9700FDA2EC /* Main.storyboard */; };
		81B079DE1BCCAF9700FDA2EC /* Images.xcassets in Resources */ = {isa = PBXBuildFile; fileRef = 81B079DD1BCCAF9700FDA2EC /* Images.xcassets */; };
		81B079E11BCCAF9700FDA2EC /* LaunchScreen.xib in Resources */ = {isa = PBXBuildFile; fileRef = 81B079DF1BCCAF9700FDA2EC /* LaunchScreen.xib */; };
		81B079ED1BCCAF9700FDA2EC /* FYCategoryExampleTests.m in Sources */ = {isa = PBXBuildFile; fileRef = 81B079EC1BCCAF9700FDA2EC /* FYCategoryExampleTests.m */; };
		81B07A031BCCAFEF00FDA2EC /* NSAttributedString+FYCategory.m in Sources */ = {isa = PBXBuildFile; fileRef = 81B079FA1BCCAFEF00FDA2EC /* NSAttributedString+FYCategory.m */; };
		81B07A041BCCAFEF00FDA2EC /* NSDate+FYCategory.m in Sources */ = {isa = PBXBuildFile; fileRef = 81B079FD1BCCAFEF00FDA2EC /* NSDate+FYCategory.m */; };
		81B07A051BCCAFEF00FDA2EC /* NSDateFormatter+FYCategory.m in Sources */ = {isa = PBXBuildFile; fileRef = 81B079FF1BCCAFEF00FDA2EC /* NSDateFormatter+FYCategory.m */; };
		81B07A061BCCAFEF00FDA2EC /* UIView+FYRoundedCorners.m in Sources */ = {isa = PBXBuildFile; fileRef = 81B07A021BCCAFEF00FDA2EC /* UIView+FYRoundedCorners.m */; };
		841951B6206C8FB60023C39A /* FYTimeWatch.m in Sources */ = {isa = PBXBuildFile; fileRef = 841951B5206C8FB60023C39A /* FYTimeWatch.m */; };
		841951B9206CC3210023C39A /* UIView+FYController.m in Sources */ = {isa = PBXBuildFile; fileRef = 841951B8206CC3210023C39A /* UIView+FYController.m */; };
		84404397202B097900BACEB6 /* GSKeyChain.m in Sources */ = {isa = PBXBuildFile; fileRef = 84404396202B097900BACEB6 /* GSKeyChain.m */; };
		8440439A202B099F00BACEB6 /* GSKeyChainDataManager.m in Sources */ = {isa = PBXBuildFile; fileRef = 84404398202B099F00BACEB6 /* GSKeyChainDataManager.m */; };
		84A94B7C20A58BC900551237 /* YYFPSLabel.m in Sources */ = {isa = PBXBuildFile; fileRef = 84A94B7920A58BC900551237 /* YYFPSLabel.m */; };
		84A94B7D20A58BC900551237 /* YYWeakProxy.m in Sources */ = {isa = PBXBuildFile; fileRef = 84A94B7B20A58BC900551237 /* YYWeakProxy.m */; };
		84C8E86820FF2D4100D3E9D1 /* NSObject+TTKVO.m in Sources */ = {isa = PBXBuildFile; fileRef = 84C8E85E20FF2D4100D3E9D1 /* NSObject+TTKVO.m */; };
		84C8E86920FF2D4100D3E9D1 /* TTApp.m in Sources */ = {isa = PBXBuildFile; fileRef = 84C8E86020FF2D4100D3E9D1 /* TTApp.m */; };
		84C8E86A20FF2D4100D3E9D1 /* TTErrorView.m in Sources */ = {isa = PBXBuildFile; fileRef = 84C8E86220FF2D4100D3E9D1 /* TTErrorView.m */; };
		84C8E86B20FF2D4100D3E9D1 /* UIImage+TTCode.m in Sources */ = {isa = PBXBuildFile; fileRef = 84C8E86520FF2D4100D3E9D1 /* UIImage+TTCode.m */; };
		84C8E86C20FF2D4100D3E9D1 /* UIViewController+TTAlert.m in Sources */ = {isa = PBXBuildFile; fileRef = 84C8E86720FF2D4100D3E9D1 /* UIViewController+TTAlert.m */; };
		84C8E88720FF2FAB00D3E9D1 /* MASCompositeConstraint.m in Sources */ = {isa = PBXBuildFile; fileRef = 84C8E86F20FF2FAB00D3E9D1 /* MASCompositeConstraint.m */; };
		84C8E88820FF2FAB00D3E9D1 /* MASConstraint.m in Sources */ = {isa = PBXBuildFile; fileRef = 84C8E87220FF2FAB00D3E9D1 /* MASConstraint.m */; };
		84C8E88920FF2FAB00D3E9D1 /* MASConstraintMaker.m in Sources */ = {isa = PBXBuildFile; fileRef = 84C8E87420FF2FAB00D3E9D1 /* MASConstraintMaker.m */; };
		84C8E88A20FF2FAB00D3E9D1 /* MASLayoutConstraint.m in Sources */ = {isa = PBXBuildFile; fileRef = 84C8E87620FF2FAB00D3E9D1 /* MASLayoutConstraint.m */; };
		84C8E88B20FF2FAB00D3E9D1 /* MASViewAttribute.m in Sources */ = {isa = PBXBuildFile; fileRef = 84C8E87A20FF2FAB00D3E9D1 /* MASViewAttribute.m */; };
		84C8E88C20FF2FAB00D3E9D1 /* MASViewConstraint.m in Sources */ = {isa = PBXBuildFile; fileRef = 84C8E87C20FF2FAB00D3E9D1 /* MASViewConstraint.m */; };
		84C8E88D20FF2FAB00D3E9D1 /* NSArray+MASAdditions.m in Sources */ = {isa = PBXBuildFile; fileRef = 84C8E87E20FF2FAB00D3E9D1 /* NSArray+MASAdditions.m */; };
		84C8E88E20FF2FAB00D3E9D1 /* NSLayoutConstraint+MASDebugAdditions.m in Sources */ = {isa = PBXBuildFile; fileRef = 84C8E88120FF2FAB00D3E9D1 /* NSLayoutConstraint+MASDebugAdditions.m */; };
		84C8E88F20FF2FAB00D3E9D1 /* View+MASAdditions.m in Sources */ = {isa = PBXBuildFile; fileRef = 84C8E88320FF2FAB00D3E9D1 /* View+MASAdditions.m */; };
		84C8E89020FF2FAB00D3E9D1 /* ViewController+MASAdditions.m in Sources */ = {isa = PBXBuildFile; fileRef = 84C8E88620FF2FAB00D3E9D1 /* ViewController+MASAdditions.m */; };
		84F9DE0620FC8E5C009EB82B /* NSString+FYLocalization.m in Sources */ = {isa = PBXBuildFile; fileRef = 84F9DE0520FC8E5C009EB82B /* NSString+FYLocalization.m */; };
		DA202EB81CC9CBD9000D9DA8 /* UIViewController+FYAlert.m in Sources */ = {isa = PBXBuildFile; fileRef = DA202EB71CC9CBD9000D9DA8 /* UIViewController+FYAlert.m */; };
		DAF38FEE1D22704C006E4FD4 /* NSString+FYRegex.m in Sources */ = {isa = PBXBuildFile; fileRef = DAF38FED1D22704C006E4FD4 /* NSString+FYRegex.m */; };
/* End PBXBuildFile section */

/* Begin PBXContainerItemProxy section */
		81B079E71BCCAF9700FDA2EC /* PBXContainerItemProxy */ = {
			isa = PBXContainerItemProxy;
			containerPortal = 81B079C51BCCAF9700FDA2EC /* Project object */;
			proxyType = 1;
			remoteGlobalIDString = 81B079CC1BCCAF9700FDA2EC;
			remoteInfo = FYCategoryExample;
		};
/* End PBXContainerItemProxy section */

/* Begin PBXFileReference section */
		18DEA64D1BEB521200DDB10B /* NSArray+FYRemove.h */ = {isa = PBXFileReference; fileEncoding = 4; lastKnownFileType = sourcecode.c.h; path = "NSArray+FYRemove.h"; sourceTree = "<group>"; };
		18DEA64E1BEB521200DDB10B /* NSArray+FYRemove.m */ = {isa = PBXFileReference; fileEncoding = 4; lastKnownFileType = sourcecode.c.objc; path = "NSArray+FYRemove.m"; sourceTree = "<group>"; };
		18DEA6511BEB52AD00DDB10B /* NSObject+FYStringValue.h */ = {isa = PBXFileReference; fileEncoding = 4; lastKnownFileType = sourcecode.c.h; path = "NSObject+FYStringValue.h"; sourceTree = "<group>"; };
		18DEA6521BEB52AD00DDB10B /* NSObject+FYStringValue.m */ = {isa = PBXFileReference; fileEncoding = 4; lastKnownFileType = sourcecode.c.objc; path = "NSObject+FYStringValue.m"; sourceTree = "<group>"; };
		817721901BD4D4BB00F71613 /* UIView+FYTag.h */ = {isa = PBXFileReference; fileEncoding = 4; lastKnownFileType = sourcecode.c.h; path = "UIView+FYTag.h"; sourceTree = "<group>"; };
		817721911BD4D4BB00F71613 /* UIView+FYTag.m */ = {isa = PBXFileReference; fileEncoding = 4; lastKnownFileType = sourcecode.c.objc; path = "UIView+FYTag.m"; sourceTree = "<group>"; };
		81B079CD1BCCAF9700FDA2EC /* FYCategoryExample.app */ = {isa = PBXFileReference; explicitFileType = wrapper.application; includeInIndex = 0; path = FYCategoryExample.app; sourceTree = BUILT_PRODUCTS_DIR; };
		81B079D11BCCAF9700FDA2EC /* Info.plist */ = {isa = PBXFileReference; lastKnownFileType = text.plist.xml; path = Info.plist; sourceTree = "<group>"; };
		81B079D21BCCAF9700FDA2EC /* main.m */ = {isa = PBXFileReference; lastKnownFileType = sourcecode.c.objc; path = main.m; sourceTree = "<group>"; };
		81B079D41BCCAF9700FDA2EC /* AppDelegate.h */ = {isa = PBXFileReference; lastKnownFileType = sourcecode.c.h; path = AppDelegate.h; sourceTree = "<group>"; };
		81B079D51BCCAF9700FDA2EC /* AppDelegate.m */ = {isa = PBXFileReference; lastKnownFileType = sourcecode.c.objc; path = AppDelegate.m; sourceTree = "<group>"; };
		81B079D71BCCAF9700FDA2EC /* ViewController.h */ = {isa = PBXFileReference; lastKnownFileType = sourcecode.c.h; path = ViewController.h; sourceTree = "<group>"; };
		81B079D81BCCAF9700FDA2EC /* ViewController.m */ = {isa = PBXFileReference; lastKnownFileType = sourcecode.c.objc; path = ViewController.m; sourceTree = "<group>"; };
		81B079DB1BCCAF9700FDA2EC /* Base */ = {isa = PBXFileReference; lastKnownFileType = file.storyboard; name = Base; path = Base.lproj/Main.storyboard; sourceTree = "<group>"; };
		81B079DD1BCCAF9700FDA2EC /* Images.xcassets */ = {isa = PBXFileReference; lastKnownFileType = folder.assetcatalog; path = Images.xcassets; sourceTree = "<group>"; };
		81B079E01BCCAF9700FDA2EC /* Base */ = {isa = PBXFileReference; lastKnownFileType = file.xib; name = Base; path = Base.lproj/LaunchScreen.xib; sourceTree = "<group>"; };
		81B079E61BCCAF9700FDA2EC /* FYCategoryExampleTests.xctest */ = {isa = PBXFileReference; explicitFileType = wrapper.cfbundle; includeInIndex = 0; path = FYCategoryExampleTests.xctest; sourceTree = BUILT_PRODUCTS_DIR; };
		81B079EB1BCCAF9700FDA2EC /* Info.plist */ = {isa = PBXFileReference; lastKnownFileType = text.plist.xml; path = Info.plist; sourceTree = "<group>"; };
		81B079EC1BCCAF9700FDA2EC /* FYCategoryExampleTests.m */ = {isa = PBXFileReference; lastKnownFileType = sourcecode.c.objc; path = FYCategoryExampleTests.m; sourceTree = "<group>"; };
		81B079F71BCCAFEF00FDA2EC /* FYCategory.h */ = {isa = PBXFileReference; fileEncoding = 4; lastKnownFileType = sourcecode.c.h; path = FYCategory.h; sourceTree = "<group>"; };
		81B079F91BCCAFEF00FDA2EC /* NSAttributedString+FYCategory.h */ = {isa = PBXFileReference; fileEncoding = 4; lastKnownFileType = sourcecode.c.h; path = "NSAttributedString+FYCategory.h"; sourceTree = "<group>"; };
		81B079FA1BCCAFEF00FDA2EC /* NSAttributedString+FYCategory.m */ = {isa = PBXFileReference; fileEncoding = 4; lastKnownFileType = sourcecode.c.objc; path = "NSAttributedString+FYCategory.m"; sourceTree = "<group>"; };
		81B079FC1BCCAFEF00FDA2EC /* NSDate+FYCategory.h */ = {isa = PBXFileReference; fileEncoding = 4; lastKnownFileType = sourcecode.c.h; path = "NSDate+FYCategory.h"; sourceTree = "<group>"; };
		81B079FD1BCCAFEF00FDA2EC /* NSDate+FYCategory.m */ = {isa = PBXFileReference; fileEncoding = 4; lastKnownFileType = sourcecode.c.objc; path = "NSDate+FYCategory.m"; sourceTree = "<group>"; };
		81B079FE1BCCAFEF00FDA2EC /* NSDateFormatter+FYCategory.h */ = {isa = PBXFileReference; fileEncoding = 4; lastKnownFileType = sourcecode.c.h; path = "NSDateFormatter+FYCategory.h"; sourceTree = "<group>"; };
		81B079FF1BCCAFEF00FDA2EC /* NSDateFormatter+FYCategory.m */ = {isa = PBXFileReference; fileEncoding = 4; lastKnownFileType = sourcecode.c.objc; path = "NSDateFormatter+FYCategory.m"; sourceTree = "<group>"; };
		81B07A011BCCAFEF00FDA2EC /* UIView+FYRoundedCorners.h */ = {isa = PBXFileReference; fileEncoding = 4; lastKnownFileType = sourcecode.c.h; path = "UIView+FYRoundedCorners.h"; sourceTree = "<group>"; };
		81B07A021BCCAFEF00FDA2EC /* UIView+FYRoundedCorners.m */ = {isa = PBXFileReference; fileEncoding = 4; lastKnownFileType = sourcecode.c.objc; path = "UIView+FYRoundedCorners.m"; sourceTree = "<group>"; };
		841951B4206C8FB60023C39A /* FYTimeWatch.h */ = {isa = PBXFileReference; lastKnownFileType = sourcecode.c.h; path = FYTimeWatch.h; sourceTree = "<group>"; };
		841951B5206C8FB60023C39A /* FYTimeWatch.m */ = {isa = PBXFileReference; lastKnownFileType = sourcecode.c.objc; path = FYTimeWatch.m; sourceTree = "<group>"; };
		841951B7206CC3210023C39A /* UIView+FYController.h */ = {isa = PBXFileReference; lastKnownFileType = sourcecode.c.h; path = "UIView+FYController.h"; sourceTree = "<group>"; };
		841951B8206CC3210023C39A /* UIView+FYController.m */ = {isa = PBXFileReference; lastKnownFileType = sourcecode.c.objc; path = "UIView+FYController.m"; sourceTree = "<group>"; };
		84404395202B097900BACEB6 /* GSKeyChain.h */ = {isa = PBXFileReference; fileEncoding = 4; lastKnownFileType = sourcecode.c.h; path = GSKeyChain.h; sourceTree = "<group>"; };
		84404396202B097900BACEB6 /* GSKeyChain.m */ = {isa = PBXFileReference; fileEncoding = 4; lastKnownFileType = sourcecode.c.objc; path = GSKeyChain.m; sourceTree = "<group>"; };
		84404398202B099F00BACEB6 /* GSKeyChainDataManager.m */ = {isa = PBXFileReference; fileEncoding = 4; lastKnownFileType = sourcecode.c.objc; path = GSKeyChainDataManager.m; sourceTree = "<group>"; };
		84404399202B099F00BACEB6 /* GSKeyChainDataManager.h */ = {isa = PBXFileReference; fileEncoding = 4; lastKnownFileType = sourcecode.c.h; path = GSKeyChainDataManager.h; sourceTree = "<group>"; };
		84A94B7820A58BC900551237 /* YYFPSLabel.h */ = {isa = PBXFileReference; fileEncoding = 4; lastKnownFileType = sourcecode.c.h; path = YYFPSLabel.h; sourceTree = "<group>"; };
		84A94B7920A58BC900551237 /* YYFPSLabel.m */ = {isa = PBXFileReference; fileEncoding = 4; lastKnownFileType = sourcecode.c.objc; path = YYFPSLabel.m; sourceTree = "<group>"; };
		84A94B7A20A58BC900551237 /* YYWeakProxy.h */ = {isa = PBXFileReference; fileEncoding = 4; lastKnownFileType = sourcecode.c.h; path = YYWeakProxy.h; sourceTree = "<group>"; };
		84A94B7B20A58BC900551237 /* YYWeakProxy.m */ = {isa = PBXFileReference; fileEncoding = 4; lastKnownFileType = sourcecode.c.objc; path = YYWeakProxy.m; sourceTree = "<group>"; };
		84C8E85D20FF2D4100D3E9D1 /* NSObject+TTKVO.h */ = {isa = PBXFileReference; fileEncoding = 4; lastKnownFileType = sourcecode.c.h; path = "NSObject+TTKVO.h"; sourceTree = "<group>"; };
		84C8E85E20FF2D4100D3E9D1 /* NSObject+TTKVO.m */ = {isa = PBXFileReference; fileEncoding = 4; lastKnownFileType = sourcecode.c.objc; path = "NSObject+TTKVO.m"; sourceTree = "<group>"; };
		84C8E85F20FF2D4100D3E9D1 /* TTApp.h */ = {isa = PBXFileReference; fileEncoding = 4; lastKnownFileType = sourcecode.c.h; path = TTApp.h; sourceTree = "<group>"; };
		84C8E86020FF2D4100D3E9D1 /* TTApp.m */ = {isa = PBXFileReference; fileEncoding = 4; lastKnownFileType = sourcecode.c.objc; path = TTApp.m; sourceTree = "<group>"; };
		84C8E86120FF2D4100D3E9D1 /* TTErrorView.h */ = {isa = PBXFileReference; fileEncoding = 4; lastKnownFileType = sourcecode.c.h; path = TTErrorView.h; sourceTree = "<group>"; };
		84C8E86220FF2D4100D3E9D1 /* TTErrorView.m */ = {isa = PBXFileReference; fileEncoding = 4; lastKnownFileType = sourcecode.c.objc; path = TTErrorView.m; sourceTree = "<group>"; };
		84C8E86320FF2D4100D3E9D1 /* TTTool.h */ = {isa = PBXFileReference; fileEncoding = 4; lastKnownFileType = sourcecode.c.h; path = TTTool.h; sourceTree = "<group>"; };
		84C8E86420FF2D4100D3E9D1 /* UIImage+TTCode.h */ = {isa = PBXFileReference; fileEncoding = 4; lastKnownFileType = sourcecode.c.h; path = "UIImage+TTCode.h"; sourceTree = "<group>"; };
		84C8E86520FF2D4100D3E9D1 /* UIImage+TTCode.m */ = {isa = PBXFileReference; fileEncoding = 4; lastKnownFileType = sourcecode.c.objc; path = "UIImage+TTCode.m"; sourceTree = "<group>"; };
		84C8E86620FF2D4100D3E9D1 /* UIViewController+TTAlert.h */ = {isa = PBXFileReference; fileEncoding = 4; lastKnownFileType = sourcecode.c.h; path = "UIViewController+TTAlert.h"; sourceTree = "<group>"; };
		84C8E86720FF2D4100D3E9D1 /* UIViewController+TTAlert.m */ = {isa = PBXFileReference; fileEncoding = 4; lastKnownFileType = sourcecode.c.objc; path = "UIViewController+TTAlert.m"; sourceTree = "<group>"; };
		84C8E86E20FF2FAB00D3E9D1 /* MASCompositeConstraint.h */ = {isa = PBXFileReference; fileEncoding = 4; lastKnownFileType = sourcecode.c.h; path = MASCompositeConstraint.h; sourceTree = "<group>"; };
		84C8E86F20FF2FAB00D3E9D1 /* MASCompositeConstraint.m */ = {isa = PBXFileReference; fileEncoding = 4; lastKnownFileType = sourcecode.c.objc; path = MASCompositeConstraint.m; sourceTree = "<group>"; };
		84C8E87020FF2FAB00D3E9D1 /* MASConstraint+Private.h */ = {isa = PBXFileReference; fileEncoding = 4; lastKnownFileType = sourcecode.c.h; path = "MASConstraint+Private.h"; sourceTree = "<group>"; };
		84C8E87120FF2FAB00D3E9D1 /* MASConstraint.h */ = {isa = PBXFileReference; fileEncoding = 4; lastKnownFileType = sourcecode.c.h; path = MASConstraint.h; sourceTree = "<group>"; };
		84C8E87220FF2FAB00D3E9D1 /* MASConstraint.m */ = {isa = PBXFileReference; fileEncoding = 4; lastKnownFileType = sourcecode.c.objc; path = MASConstraint.m; sourceTree = "<group>"; };
		84C8E87320FF2FAB00D3E9D1 /* MASConstraintMaker.h */ = {isa = PBXFileReference; fileEncoding = 4; lastKnownFileType = sourcecode.c.h; path = MASConstraintMaker.h; sourceTree = "<group>"; };
		84C8E87420FF2FAB00D3E9D1 /* MASConstraintMaker.m */ = {isa = PBXFileReference; fileEncoding = 4; lastKnownFileType = sourcecode.c.objc; path = MASConstraintMaker.m; sourceTree = "<group>"; };
		84C8E87520FF2FAB00D3E9D1 /* MASLayoutConstraint.h */ = {isa = PBXFileReference; fileEncoding = 4; lastKnownFileType = sourcecode.c.h; path = MASLayoutConstraint.h; sourceTree = "<group>"; };
		84C8E87620FF2FAB00D3E9D1 /* MASLayoutConstraint.m */ = {isa = PBXFileReference; fileEncoding = 4; lastKnownFileType = sourcecode.c.objc; path = MASLayoutConstraint.m; sourceTree = "<group>"; };
		84C8E87720FF2FAB00D3E9D1 /* Masonry.h */ = {isa = PBXFileReference; fileEncoding = 4; lastKnownFileType = sourcecode.c.h; path = Masonry.h; sourceTree = "<group>"; };
		84C8E87820FF2FAB00D3E9D1 /* MASUtilities.h */ = {isa = PBXFileReference; fileEncoding = 4; lastKnownFileType = sourcecode.c.h; path = MASUtilities.h; sourceTree = "<group>"; };
		84C8E87920FF2FAB00D3E9D1 /* MASViewAttribute.h */ = {isa = PBXFileReference; fileEncoding = 4; lastKnownFileType = sourcecode.c.h; path = MASViewAttribute.h; sourceTree = "<group>"; };
		84C8E87A20FF2FAB00D3E9D1 /* MASViewAttribute.m */ = {isa = PBXFileReference; fileEncoding = 4; lastKnownFileType = sourcecode.c.objc; path = MASViewAttribute.m; sourceTree = "<group>"; };
		84C8E87B20FF2FAB00D3E9D1 /* MASViewConstraint.h */ = {isa = PBXFileReference; fileEncoding = 4; lastKnownFileType = sourcecode.c.h; path = MASViewConstraint.h; sourceTree = "<group>"; };
		84C8E87C20FF2FAB00D3E9D1 /* MASViewConstraint.m */ = {isa = PBXFileReference; fileEncoding = 4; lastKnownFileType = sourcecode.c.objc; path = MASViewConstraint.m; sourceTree = "<group>"; };
		84C8E87D20FF2FAB00D3E9D1 /* NSArray+MASAdditions.h */ = {isa = PBXFileReference; fileEncoding = 4; lastKnownFileType = sourcecode.c.h; path = "NSArray+MASAdditions.h"; sourceTree = "<group>"; };
		84C8E87E20FF2FAB00D3E9D1 /* NSArray+MASAdditions.m */ = {isa = PBXFileReference; fileEncoding = 4; lastKnownFileType = sourcecode.c.objc; path = "NSArray+MASAdditions.m"; sourceTree = "<group>"; };
		84C8E87F20FF2FAB00D3E9D1 /* NSArray+MASShorthandAdditions.h */ = {isa = PBXFileReference; fileEncoding = 4; lastKnownFileType = sourcecode.c.h; path = "NSArray+MASShorthandAdditions.h"; sourceTree = "<group>"; };
		84C8E88020FF2FAB00D3E9D1 /* NSLayoutConstraint+MASDebugAdditions.h */ = {isa = PBXFileReference; fileEncoding = 4; lastKnownFileType = sourcecode.c.h; path = "NSLayoutConstraint+MASDebugAdditions.h"; sourceTree = "<group>"; };
		84C8E88120FF2FAB00D3E9D1 /* NSLayoutConstraint+MASDebugAdditions.m */ = {isa = PBXFileReference; fileEncoding = 4; lastKnownFileType = sourcecode.c.objc; path = "NSLayoutConstraint+MASDebugAdditions.m"; sourceTree = "<group>"; };
		84C8E88220FF2FAB00D3E9D1 /* View+MASAdditions.h */ = {isa = PBXFileReference; fileEncoding = 4; lastKnownFileType = sourcecode.c.h; path = "View+MASAdditions.h"; sourceTree = "<group>"; };
		84C8E88320FF2FAB00D3E9D1 /* View+MASAdditions.m */ = {isa = PBXFileReference; fileEncoding = 4; lastKnownFileType = sourcecode.c.objc; path = "View+MASAdditions.m"; sourceTree = "<group>"; };
		84C8E88420FF2FAB00D3E9D1 /* View+MASShorthandAdditions.h */ = {isa = PBXFileReference; fileEncoding = 4; lastKnownFileType = sourcecode.c.h; path = "View+MASShorthandAdditions.h"; sourceTree = "<group>"; };
		84C8E88520FF2FAB00D3E9D1 /* ViewController+MASAdditions.h */ = {isa = PBXFileReference; fileEncoding = 4; lastKnownFileType = sourcecode.c.h; path = "ViewController+MASAdditions.h"; sourceTree = "<group>"; };
		84C8E88620FF2FAB00D3E9D1 /* ViewController+MASAdditions.m */ = {isa = PBXFileReference; fileEncoding = 4; lastKnownFileType = sourcecode.c.objc; path = "ViewController+MASAdditions.m"; sourceTree = "<group>"; };
		84F9DE0420FC8E5C009EB82B /* NSString+FYLocalization.h */ = {isa = PBXFileReference; lastKnownFileType = sourcecode.c.h; path = "NSString+FYLocalization.h"; sourceTree = "<group>"; };
		84F9DE0520FC8E5C009EB82B /* NSString+FYLocalization.m */ = {isa = PBXFileReference; lastKnownFileType = sourcecode.c.objc; path = "NSString+FYLocalization.m"; sourceTree = "<group>"; };
		DA202EB61CC9CBD9000D9DA8 /* UIViewController+FYAlert.h */ = {isa = PBXFileReference; fileEncoding = 4; lastKnownFileType = sourcecode.c.h; path = "UIViewController+FYAlert.h"; sourceTree = "<group>"; };
		DA202EB71CC9CBD9000D9DA8 /* UIViewController+FYAlert.m */ = {isa = PBXFileReference; fileEncoding = 4; lastKnownFileType = sourcecode.c.objc; path = "UIViewController+FYAlert.m"; sourceTree = "<group>"; };
		DAF38FEC1D22704C006E4FD4 /* NSString+FYRegex.h */ = {isa = PBXFileReference; fileEncoding = 4; lastKnownFileType = sourcecode.c.h; path = "NSString+FYRegex.h"; sourceTree = "<group>"; };
		DAF38FED1D22704C006E4FD4 /* NSString+FYRegex.m */ = {isa = PBXFileReference; fileEncoding = 4; lastKnownFileType = sourcecode.c.objc; path = "NSString+FYRegex.m"; sourceTree = "<group>"; };
/* End PBXFileReference section */

/* Begin PBXFrameworksBuildPhase section */
		81B079CA1BCCAF9700FDA2EC /* Frameworks */ = {
			isa = PBXFrameworksBuildPhase;
			buildActionMask = 2147483647;
			files = (
			);
			runOnlyForDeploymentPostprocessing = 0;
		};
		81B079E31BCCAF9700FDA2EC /* Frameworks */ = {
			isa = PBXFrameworksBuildPhase;
			buildActionMask = 2147483647;
			files = (
			);
			runOnlyForDeploymentPostprocessing = 0;
		};
/* End PBXFrameworksBuildPhase section */

/* Begin PBXGroup section */
		18DEA64C1BEB521200DDB10B /* NSArray */ = {
			isa = PBXGroup;
			children = (
				18DEA64D1BEB521200DDB10B /* NSArray+FYRemove.h */,
				18DEA64E1BEB521200DDB10B /* NSArray+FYRemove.m */,
			);
			path = NSArray;
			sourceTree = "<group>";
		};
		18DEA6501BEB52AD00DDB10B /* NSObject */ = {
			isa = PBXGroup;
			children = (
				18DEA6511BEB52AD00DDB10B /* NSObject+FYStringValue.h */,
				18DEA6521BEB52AD00DDB10B /* NSObject+FYStringValue.m */,
			);
			path = NSObject;
			sourceTree = "<group>";
		};
		81B079C41BCCAF9700FDA2EC = {
			isa = PBXGroup;
			children = (
				84C8E86D20FF2FAB00D3E9D1 /* Masonry */,
				84C8E85C20FF2D4100D3E9D1 /* TTTool */,
				81B079F61BCCAFEF00FDA2EC /* FYCategory */,
				84A94B7620A58BC900551237 /* Other */,
				81B079CF1BCCAF9700FDA2EC /* FYCategoryExample */,
				81B079E91BCCAF9700FDA2EC /* FYCategoryExampleTests */,
				81B079CE1BCCAF9700FDA2EC /* Products */,
			);
			sourceTree = "<group>";
		};
		81B079CE1BCCAF9700FDA2EC /* Products */ = {
			isa = PBXGroup;
			children = (
				81B079CD1BCCAF9700FDA2EC /* FYCategoryExample.app */,
				81B079E61BCCAF9700FDA2EC /* FYCategoryExampleTests.xctest */,
			);
			name = Products;
			sourceTree = "<group>";
		};
		81B079CF1BCCAF9700FDA2EC /* FYCategoryExample */ = {
			isa = PBXGroup;
			children = (
				81B079D41BCCAF9700FDA2EC /* AppDelegate.h */,
				81B079D51BCCAF9700FDA2EC /* AppDelegate.m */,
				81B079D71BCCAF9700FDA2EC /* ViewController.h */,
				81B079D81BCCAF9700FDA2EC /* ViewController.m */,
				81B079DA1BCCAF9700FDA2EC /* Main.storyboard */,
				81B079DD1BCCAF9700FDA2EC /* Images.xcassets */,
				81B079DF1BCCAF9700FDA2EC /* LaunchScreen.xib */,
				81B079D01BCCAF9700FDA2EC /* Supporting Files */,
			);
			path = FYCategoryExample;
			sourceTree = "<group>";
		};
		81B079D01BCCAF9700FDA2EC /* Supporting Files */ = {
			isa = PBXGroup;
			children = (
				81B079D11BCCAF9700FDA2EC /* Info.plist */,
				81B079D21BCCAF9700FDA2EC /* main.m */,
			);
			name = "Supporting Files";
			sourceTree = "<group>";
		};
		81B079E91BCCAF9700FDA2EC /* FYCategoryExampleTests */ = {
			isa = PBXGroup;
			children = (
				81B079EC1BCCAF9700FDA2EC /* FYCategoryExampleTests.m */,
				81B079EA1BCCAF9700FDA2EC /* Supporting Files */,
			);
			path = FYCategoryExampleTests;
			sourceTree = "<group>";
		};
		81B079EA1BCCAF9700FDA2EC /* Supporting Files */ = {
			isa = PBXGroup;
			children = (
				81B079EB1BCCAF9700FDA2EC /* Info.plist */,
			);
			name = "Supporting Files";
			sourceTree = "<group>";
		};
		81B079F61BCCAFEF00FDA2EC /* FYCategory */ = {
			isa = PBXGroup;
			children = (
				81B079F71BCCAFEF00FDA2EC /* FYCategory.h */,
				841951B3206C8EE30023C39A /* Tool */,
				84404391202B07ED00BACEB6 /* Helper */,
				DAF38FE81D227013006E4FD4 /* NSString */,
				DA202EB51CC9CBC7000D9DA8 /* UIViewController */,
				18DEA6501BEB52AD00DDB10B /* NSObject */,
				18DEA64C1BEB521200DDB10B /* NSArray */,
				81B079F81BCCAFEF00FDA2EC /* NSAttributedString */,
				81B079FB1BCCAFEF00FDA2EC /* NSDate */,
				81B07A001BCCAFEF00FDA2EC /* UIView */,
			);
			path = FYCategory;
			sourceTree = "<group>";
		};
		81B079F81BCCAFEF00FDA2EC /* NSAttributedString */ = {
			isa = PBXGroup;
			children = (
				81B079F91BCCAFEF00FDA2EC /* NSAttributedString+FYCategory.h */,
				81B079FA1BCCAFEF00FDA2EC /* NSAttributedString+FYCategory.m */,
			);
			path = NSAttributedString;
			sourceTree = "<group>";
		};
		81B079FB1BCCAFEF00FDA2EC /* NSDate */ = {
			isa = PBXGroup;
			children = (
				81B079FC1BCCAFEF00FDA2EC /* NSDate+FYCategory.h */,
				81B079FD1BCCAFEF00FDA2EC /* NSDate+FYCategory.m */,
				81B079FE1BCCAFEF00FDA2EC /* NSDateFormatter+FYCategory.h */,
				81B079FF1BCCAFEF00FDA2EC /* NSDateFormatter+FYCategory.m */,
			);
			path = NSDate;
			sourceTree = "<group>";
		};
		81B07A001BCCAFEF00FDA2EC /* UIView */ = {
			isa = PBXGroup;
			children = (
				81B07A011BCCAFEF00FDA2EC /* UIView+FYRoundedCorners.h */,
				81B07A021BCCAFEF00FDA2EC /* UIView+FYRoundedCorners.m */,
				817721901BD4D4BB00F71613 /* UIView+FYTag.h */,
				817721911BD4D4BB00F71613 /* UIView+FYTag.m */,
				841951B7206CC3210023C39A /* UIView+FYController.h */,
				841951B8206CC3210023C39A /* UIView+FYController.m */,
			);
			path = UIView;
			sourceTree = "<group>";
		};
		841951B3206C8EE30023C39A /* Tool */ = {
			isa = PBXGroup;
			children = (
				841951B4206C8FB60023C39A /* FYTimeWatch.h */,
				841951B5206C8FB60023C39A /* FYTimeWatch.m */,
			);
			path = Tool;
			sourceTree = "<group>";
		};
		84404391202B07ED00BACEB6 /* Helper */ = {
			isa = PBXGroup;
			children = (
				84404395202B097900BACEB6 /* GSKeyChain.h */,
				84404396202B097900BACEB6 /* GSKeyChain.m */,
				84404399202B099F00BACEB6 /* GSKeyChainDataManager.h */,
				84404398202B099F00BACEB6 /* GSKeyChainDataManager.m */,
			);
			path = Helper;
			sourceTree = "<group>";
		};
		84A94B7620A58BC900551237 /* Other */ = {
			isa = PBXGroup;
			children = (
				84A94B7720A58BC900551237 /* YYFPSLabel */,
			);
			name = Other;
			path = FYCategory/Other;
			sourceTree = "<group>";
		};
		84A94B7720A58BC900551237 /* YYFPSLabel */ = {
			isa = PBXGroup;
			children = (
				84A94B7820A58BC900551237 /* YYFPSLabel.h */,
				84A94B7920A58BC900551237 /* YYFPSLabel.m */,
				84A94B7A20A58BC900551237 /* YYWeakProxy.h */,
				84A94B7B20A58BC900551237 /* YYWeakProxy.m */,
			);
			path = YYFPSLabel;
			sourceTree = "<group>";
		};
		84C8E85C20FF2D4100D3E9D1 /* TTTool */ = {
			isa = PBXGroup;
			children = (
				84C8E86320FF2D4100D3E9D1 /* TTTool.h */,
				84C8E85D20FF2D4100D3E9D1 /* NSObject+TTKVO.h */,
				84C8E85E20FF2D4100D3E9D1 /* NSObject+TTKVO.m */,
				84C8E85F20FF2D4100D3E9D1 /* TTApp.h */,
				84C8E86020FF2D4100D3E9D1 /* TTApp.m */,
				84C8E86120FF2D4100D3E9D1 /* TTErrorView.h */,
				84C8E86220FF2D4100D3E9D1 /* TTErrorView.m */,
				84C8E86420FF2D4100D3E9D1 /* UIImage+TTCode.h */,
				84C8E86520FF2D4100D3E9D1 /* UIImage+TTCode.m */,
				84C8E86620FF2D4100D3E9D1 /* UIViewController+TTAlert.h */,
				84C8E86720FF2D4100D3E9D1 /* UIViewController+TTAlert.m */,
			);
			path = TTTool;
			sourceTree = "<group>";
		};
		84C8E86D20FF2FAB00D3E9D1 /* Masonry */ = {
			isa = PBXGroup;
			children = (
				84C8E86E20FF2FAB00D3E9D1 /* MASCompositeConstraint.h */,
				84C8E86F20FF2FAB00D3E9D1 /* MASCompositeConstraint.m */,
				84C8E87020FF2FAB00D3E9D1 /* MASConstraint+Private.h */,
				84C8E87120FF2FAB00D3E9D1 /* MASConstraint.h */,
				84C8E87220FF2FAB00D3E9D1 /* MASConstraint.m */,
				84C8E87320FF2FAB00D3E9D1 /* MASConstraintMaker.h */,
				84C8E87420FF2FAB00D3E9D1 /* MASConstraintMaker.m */,
				84C8E87520FF2FAB00D3E9D1 /* MASLayoutConstraint.h */,
				84C8E87620FF2FAB00D3E9D1 /* MASLayoutConstraint.m */,
				84C8E87720FF2FAB00D3E9D1 /* Masonry.h */,
				84C8E87820FF2FAB00D3E9D1 /* MASUtilities.h */,
				84C8E87920FF2FAB00D3E9D1 /* MASViewAttribute.h */,
				84C8E87A20FF2FAB00D3E9D1 /* MASViewAttribute.m */,
				84C8E87B20FF2FAB00D3E9D1 /* MASViewConstraint.h */,
				84C8E87C20FF2FAB00D3E9D1 /* MASViewConstraint.m */,
				84C8E87D20FF2FAB00D3E9D1 /* NSArray+MASAdditions.h */,
				84C8E87E20FF2FAB00D3E9D1 /* NSArray+MASAdditions.m */,
				84C8E87F20FF2FAB00D3E9D1 /* NSArray+MASShorthandAdditions.h */,
				84C8E88020FF2FAB00D3E9D1 /* NSLayoutConstraint+MASDebugAdditions.h */,
				84C8E88120FF2FAB00D3E9D1 /* NSLayoutConstraint+MASDebugAdditions.m */,
				84C8E88220FF2FAB00D3E9D1 /* View+MASAdditions.h */,
				84C8E88320FF2FAB00D3E9D1 /* View+MASAdditions.m */,
				84C8E88420FF2FAB00D3E9D1 /* View+MASShorthandAdditions.h */,
				84C8E88520FF2FAB00D3E9D1 /* ViewController+MASAdditions.h */,
				84C8E88620FF2FAB00D3E9D1 /* ViewController+MASAdditions.m */,
			);
			path = Masonry;
			sourceTree = "<group>";
		};
		DA202EB51CC9CBC7000D9DA8 /* UIViewController */ = {
			isa = PBXGroup;
			children = (
				DA202EB61CC9CBD9000D9DA8 /* UIViewController+FYAlert.h */,
				DA202EB71CC9CBD9000D9DA8 /* UIViewController+FYAlert.m */,
			);
			path = UIViewController;
			sourceTree = "<group>";
		};
		DAF38FE81D227013006E4FD4 /* NSString */ = {
			isa = PBXGroup;
			children = (
				DAF38FEC1D22704C006E4FD4 /* NSString+FYRegex.h */,
				DAF38FED1D22704C006E4FD4 /* NSString+FYRegex.m */,
				84F9DE0420FC8E5C009EB82B /* NSString+FYLocalization.h */,
				84F9DE0520FC8E5C009EB82B /* NSString+FYLocalization.m */,
			);
			path = NSString;
			sourceTree = "<group>";
		};
/* End PBXGroup section */

/* Begin PBXNativeTarget section */
		81B079CC1BCCAF9700FDA2EC /* FYCategoryExample */ = {
			isa = PBXNativeTarget;
			buildConfigurationList = 81B079F01BCCAF9700FDA2EC /* Build configuration list for PBXNativeTarget "FYCategoryExample" */;
			buildPhases = (
				81B079C91BCCAF9700FDA2EC /* Sources */,
				81B079CA1BCCAF9700FDA2EC /* Frameworks */,
				81B079CB1BCCAF9700FDA2EC /* Resources */,
			);
			buildRules = (
			);
			dependencies = (
			);
			name = FYCategoryExample;
			productName = FYCategoryExample;
			productReference = 81B079CD1BCCAF9700FDA2EC /* FYCategoryExample.app */;
			productType = "com.apple.product-type.application";
		};
		81B079E51BCCAF9700FDA2EC /* FYCategoryExampleTests */ = {
			isa = PBXNativeTarget;
			buildConfigurationList = 81B079F31BCCAF9700FDA2EC /* Build configuration list for PBXNativeTarget "FYCategoryExampleTests" */;
			buildPhases = (
				81B079E21BCCAF9700FDA2EC /* Sources */,
				81B079E31BCCAF9700FDA2EC /* Frameworks */,
				81B079E41BCCAF9700FDA2EC /* Resources */,
			);
			buildRules = (
			);
			dependencies = (
				81B079E81BCCAF9700FDA2EC /* PBXTargetDependency */,
			);
			name = FYCategoryExampleTests;
			productName = FYCategoryExampleTests;
			productReference = 81B079E61BCCAF9700FDA2EC /* FYCategoryExampleTests.xctest */;
			productType = "com.apple.product-type.bundle.unit-test";
		};
/* End PBXNativeTarget section */

/* Begin PBXProject section */
		81B079C51BCCAF9700FDA2EC /* Project object */ = {
			isa = PBXProject;
			attributes = {
				CLASSPREFIX = FY;
				LastUpgradeCheck = 0640;
				ORGANIZATIONNAME = IOS;
				TargetAttributes = {
					81B079CC1BCCAF9700FDA2EC = {
						CreatedOnToolsVersion = 6.4;
						DevelopmentTeam = 393LMJAQ8W;
					};
					81B079E51BCCAF9700FDA2EC = {
						CreatedOnToolsVersion = 6.4;
						TestTargetID = 81B079CC1BCCAF9700FDA2EC;
					};
				};
			};
			buildConfigurationList = 81B079C81BCCAF9700FDA2EC /* Build configuration list for PBXProject "FYCategoryExample" */;
			compatibilityVersion = "Xcode 3.2";
			developmentRegion = English;
			hasScannedForEncodings = 0;
			knownRegions = (
				en,
				Base,
			);
			mainGroup = 81B079C41BCCAF9700FDA2EC;
			productRefGroup = 81B079CE1BCCAF9700FDA2EC /* Products */;
			projectDirPath = "";
			projectRoot = "";
			targets = (
				81B079CC1BCCAF9700FDA2EC /* FYCategoryExample */,
				81B079E51BCCAF9700FDA2EC /* FYCategoryExampleTests */,
			);
		};
/* End PBXProject section */

/* Begin PBXResourcesBuildPhase section */
		81B079CB1BCCAF9700FDA2EC /* Resources */ = {
			isa = PBXResourcesBuildPhase;
			buildActionMask = 2147483647;
			files = (
				81B079DC1BCCAF9700FDA2EC /* Main.storyboard in Resources */,
				81B079E11BCCAF9700FDA2EC /* LaunchScreen.xib in Resources */,
				81B079DE1BCCAF9700FDA2EC /* Images.xcassets in Resources */,
			);
			runOnlyForDeploymentPostprocessing = 0;
		};
		81B079E41BCCAF9700FDA2EC /* Resources */ = {
			isa = PBXResourcesBuildPhase;
			buildActionMask = 2147483647;
			files = (
			);
			runOnlyForDeploymentPostprocessing = 0;
		};
/* End PBXResourcesBuildPhase section */

/* Begin PBXSourcesBuildPhase section */
		81B079C91BCCAF9700FDA2EC /* Sources */ = {
			isa = PBXSourcesBuildPhase;
			buildActionMask = 2147483647;
			files = (
				84C8E86920FF2D4100D3E9D1 /* TTApp.m in Sources */,
				84C8E86B20FF2D4100D3E9D1 /* UIImage+TTCode.m in Sources */,
				84C8E88B20FF2FAB00D3E9D1 /* MASViewAttribute.m in Sources */,
				84C8E88D20FF2FAB00D3E9D1 /* NSArray+MASAdditions.m in Sources */,
				841951B6206C8FB60023C39A /* FYTimeWatch.m in Sources */,
				817721921BD4D4BB00F71613 /* UIView+FYTag.m in Sources */,
				84C8E86820FF2D4100D3E9D1 /* NSObject+TTKVO.m in Sources */,
				84C8E86C20FF2D4100D3E9D1 /* UIViewController+TTAlert.m in Sources */,
				84404397202B097900BACEB6 /* GSKeyChain.m in Sources */,
				84C8E86A20FF2D4100D3E9D1 /* TTErrorView.m in Sources */,
				81B07A041BCCAFEF00FDA2EC /* NSDate+FYCategory.m in Sources */,
				18DEA64F1BEB521200DDB10B /* NSArray+FYRemove.m in Sources */,
				81B07A061BCCAFEF00FDA2EC /* UIView+FYRoundedCorners.m in Sources */,
				DA202EB81CC9CBD9000D9DA8 /* UIViewController+FYAlert.m in Sources */,
				84C8E88820FF2FAB00D3E9D1 /* MASConstraint.m in Sources */,
				84A94B7C20A58BC900551237 /* YYFPSLabel.m in Sources */,
				84C8E88C20FF2FAB00D3E9D1 /* MASViewConstraint.m in Sources */,
				84C8E88F20FF2FAB00D3E9D1 /* View+MASAdditions.m in Sources */,
				84C8E88920FF2FAB00D3E9D1 /* MASConstraintMaker.m in Sources */,
				841951B9206CC3210023C39A /* UIView+FYController.m in Sources */,
				84C8E88720FF2FAB00D3E9D1 /* MASCompositeConstraint.m in Sources */,
				81B079D91BCCAF9700FDA2EC /* ViewController.m in Sources */,
				DAF38FEE1D22704C006E4FD4 /* NSString+FYRegex.m in Sources */,
				18DEA6531BEB52AD00DDB10B /* NSObject+FYStringValue.m in Sources */,
				84C8E88E20FF2FAB00D3E9D1 /* NSLayoutConstraint+MASDebugAdditions.m in Sources */,
				81B079D61BCCAF9700FDA2EC /* AppDelegate.m in Sources */,
				81B07A031BCCAFEF00FDA2EC /* NSAttributedString+FYCategory.m in Sources */,
				84A94B7D20A58BC900551237 /* YYWeakProxy.m in Sources */,
				81B07A051BCCAFEF00FDA2EC /* NSDateFormatter+FYCategory.m in Sources */,
				84C8E88A20FF2FAB00D3E9D1 /* MASLayoutConstraint.m in Sources */,
				81B079D31BCCAF9700FDA2EC /* main.m in Sources */,
				84F9DE0620FC8E5C009EB82B /* NSString+FYLocalization.m in Sources */,
				84C8E89020FF2FAB00D3E9D1 /* ViewController+MASAdditions.m in Sources */,
				8440439A202B099F00BACEB6 /* GSKeyChainDataManager.m in Sources */,
			);
			runOnlyForDeploymentPostprocessing = 0;
		};
		81B079E21BCCAF9700FDA2EC /* Sources */ = {
			isa = PBXSourcesBuildPhase;
			buildActionMask = 2147483647;
			files = (
				81B079ED1BCCAF9700FDA2EC /* FYCategoryExampleTests.m in Sources */,
			);
			runOnlyForDeploymentPostprocessing = 0;
		};
/* End PBXSourcesBuildPhase section */

/* Begin PBXTargetDependency section */
		81B079E81BCCAF9700FDA2EC /* PBXTargetDependency */ = {
			isa = PBXTargetDependency;
			target = 81B079CC1BCCAF9700FDA2EC /* FYCategoryExample */;
			targetProxy = 81B079E71BCCAF9700FDA2EC /* PBXContainerItemProxy */;
		};
/* End PBXTargetDependency section */

/* Begin PBXVariantGroup section */
		81B079DA1BCCAF9700FDA2EC /* Main.storyboard */ = {
			isa = PBXVariantGroup;
			children = (
				81B079DB1BCCAF9700FDA2EC /* Base */,
			);
			name = Main.storyboard;
			sourceTree = "<group>";
		};
		81B079DF1BCCAF9700FDA2EC /* LaunchScreen.xib */ = {
			isa = PBXVariantGroup;
			children = (
				81B079E01BCCAF9700FDA2EC /* Base */,
			);
			name = LaunchScreen.xib;
			sourceTree = "<group>";
		};
/* End PBXVariantGroup section */

/* Begin XCBuildConfiguration section */
		81B079EE1BCCAF9700FDA2EC /* Debug */ = {
			isa = XCBuildConfiguration;
			buildSettings = {
				ALWAYS_SEARCH_USER_PATHS = NO;
				CLANG_CXX_LANGUAGE_STANDARD = "gnu++0x";
				CLANG_CXX_LIBRARY = "libc++";
				CLANG_ENABLE_MODULES = YES;
				CLANG_ENABLE_OBJC_ARC = YES;
				CLANG_WARN_BOOL_CONVERSION = YES;
				CLANG_WARN_CONSTANT_CONVERSION = YES;
				CLANG_WARN_DIRECT_OBJC_ISA_USAGE = YES_ERROR;
				CLANG_WARN_EMPTY_BODY = YES;
				CLANG_WARN_ENUM_CONVERSION = YES;
				CLANG_WARN_INT_CONVERSION = YES;
				CLANG_WARN_OBJC_ROOT_CLASS = YES_ERROR;
				CLANG_WARN_UNREACHABLE_CODE = YES;
				CLANG_WARN__DUPLICATE_METHOD_MATCH = YES;
				"CODE_SIGN_IDENTITY[sdk=iphoneos*]" = "iPhone Developer";
				COPY_PHASE_STRIP = NO;
				DEBUG_INFORMATION_FORMAT = "dwarf-with-dsym";
				ENABLE_STRICT_OBJC_MSGSEND = YES;
				GCC_C_LANGUAGE_STANDARD = gnu99;
				GCC_DYNAMIC_NO_PIC = NO;
				GCC_NO_COMMON_BLOCKS = YES;
				GCC_OPTIMIZATION_LEVEL = 0;
				GCC_PREPROCESSOR_DEFINITIONS = (
					"DEBUG=1",
					"$(inherited)",
				);
				GCC_SYMBOLS_PRIVATE_EXTERN = NO;
				GCC_WARN_64_TO_32_BIT_CONVERSION = YES;
				GCC_WARN_ABOUT_RETURN_TYPE = YES_ERROR;
				GCC_WARN_UNDECLARED_SELECTOR = YES;
				GCC_WARN_UNINITIALIZED_AUTOS = YES_AGGRESSIVE;
				GCC_WARN_UNUSED_FUNCTION = YES;
				GCC_WARN_UNUSED_VARIABLE = YES;
				IPHONEOS_DEPLOYMENT_TARGET = 8.4;
				MTL_ENABLE_DEBUG_INFO = YES;
				ONLY_ACTIVE_ARCH = YES;
				SDKROOT = iphoneos;
				TARGETED_DEVICE_FAMILY = "1,2";
			};
			name = Debug;
		};
		81B079EF1BCCAF9700FDA2EC /* Release */ = {
			isa = XCBuildConfiguration;
			buildSettings = {
				ALWAYS_SEARCH_USER_PATHS = NO;
				CLANG_CXX_LANGUAGE_STANDARD = "gnu++0x";
				CLANG_CXX_LIBRARY = "libc++";
				CLANG_ENABLE_MODULES = YES;
				CLANG_ENABLE_OBJC_ARC = YES;
				CLANG_WARN_BOOL_CONVERSION = YES;
				CLANG_WARN_CONSTANT_CONVERSION = YES;
				CLANG_WARN_DIRECT_OBJC_ISA_USAGE = YES_ERROR;
				CLANG_WARN_EMPTY_BODY = YES;
				CLANG_WARN_ENUM_CONVERSION = YES;
				CLANG_WARN_INT_CONVERSION = YES;
				CLANG_WARN_OBJC_ROOT_CLASS = YES_ERROR;
				CLANG_WARN_UNREACHABLE_CODE = YES;
				CLANG_WARN__DUPLICATE_METHOD_MATCH = YES;
				"CODE_SIGN_IDENTITY[sdk=iphoneos*]" = "iPhone Developer";
				COPY_PHASE_STRIP = NO;
				DEBUG_INFORMATION_FORMAT = "dwarf-with-dsym";
				ENABLE_NS_ASSERTIONS = NO;
				ENABLE_STRICT_OBJC_MSGSEND = YES;
				GCC_C_LANGUAGE_STANDARD = gnu99;
				GCC_NO_COMMON_BLOCKS = YES;
				GCC_WARN_64_TO_32_BIT_CONVERSION = YES;
				GCC_WARN_ABOUT_RETURN_TYPE = YES_ERROR;
				GCC_WARN_UNDECLARED_SELECTOR = YES;
				GCC_WARN_UNINITIALIZED_AUTOS = YES_AGGRESSIVE;
				GCC_WARN_UNUSED_FUNCTION = YES;
				GCC_WARN_UNUSED_VARIABLE = YES;
				IPHONEOS_DEPLOYMENT_TARGET = 8.4;
				MTL_ENABLE_DEBUG_INFO = NO;
				SDKROOT = iphoneos;
				TARGETED_DEVICE_FAMILY = "1,2";
				VALIDATE_PRODUCT = YES;
			};
			name = Release;
		};
		81B079F11BCCAF9700FDA2EC /* Debug */ = {
			isa = XCBuildConfiguration;
			buildSettings = {
				ASSETCATALOG_COMPILER_APPICON_NAME = AppIcon;
				DEVELOPMENT_TEAM = 393LMJAQ8W;
				INFOPLIST_FILE = FYCategoryExample/Info.plist;
				LD_RUNPATH_SEARCH_PATHS = "$(inherited) @executable_path/Frameworks";
				PRODUCT_NAME = "$(TARGET_NAME)";
			};
			name = Debug;
		};
		81B079F21BCCAF9700FDA2EC /* Release */ = {
			isa = XCBuildConfiguration;
			buildSettings = {
				ASSETCATALOG_COMPILER_APPICON_NAME = AppIcon;
				DEVELOPMENT_TEAM = 393LMJAQ8W;
				INFOPLIST_FILE = FYCategoryExample/Info.plist;
				LD_RUNPATH_SEARCH_PATHS = "$(inherited) @executable_path/Frameworks";
				PRODUCT_NAME = "$(TARGET_NAME)";
			};
			name = Release;
		};
		81B079F41BCCAF9700FDA2EC /* Debug */ = {
			isa = XCBuildConfiguration;
			buildSettings = {
				BUNDLE_LOADER = "$(TEST_HOST)";
				FRAMEWORK_SEARCH_PATHS = (
					"$(SDKROOT)/Developer/Library/Frameworks",
					"$(inherited)",
				);
				GCC_PREPROCESSOR_DEFINITIONS = (
					"DEBUG=1",
					"$(inherited)",
				);
				INFOPLIST_FILE = FYCategoryExampleTests/Info.plist;
				LD_RUNPATH_SEARCH_PATHS = "$(inherited) @executable_path/Frameworks @loader_path/Frameworks";
				PRODUCT_NAME = "$(TARGET_NAME)";
				TEST_HOST = "$(BUILT_PRODUCTS_DIR)/FYCategoryExample.app/FYCategoryExample";
			};
			name = Debug;
		};
		81B079F51BCCAF9700FDA2EC /* Release */ = {
			isa = XCBuildConfiguration;
			buildSettings = {
				BUNDLE_LOADER = "$(TEST_HOST)";
				FRAMEWORK_SEARCH_PATHS = (
					"$(SDKROOT)/Developer/Library/Frameworks",
					"$(inherited)",
				);
				INFOPLIST_FILE = FYCategoryExampleTests/Info.plist;
				LD_RUNPATH_SEARCH_PATHS = "$(inherited) @executable_path/Frameworks @loader_path/Frameworks";
				PRODUCT_NAME = "$(TARGET_NAME)";
				TEST_HOST = "$(BUILT_PRODUCTS_DIR)/FYCategoryExample.app/FYCategoryExample";
			};
			name = Release;
		};
/* End XCBuildConfiguration section */

/* Begin XCConfigurationList section */
		81B079C81BCCAF9700FDA2EC /* Build configuration list for PBXProject "FYCategoryExample" */ = {
			isa = XCConfigurationList;
			buildConfigurations = (
				81B079EE1BCCAF9700FDA2EC /* Debug */,
				81B079EF1BCCAF9700FDA2EC /* Release */,
			);
			defaultConfigurationIsVisible = 0;
			defaultConfigurationName = Release;
		};
		81B079F01BCCAF9700FDA2EC /* Build configuration list for PBXNativeTarget "FYCategoryExample" */ = {
			isa = XCConfigurationList;
			buildConfigurations = (
				81B079F11BCCAF9700FDA2EC /* Debug */,
				81B079F21BCCAF9700FDA2EC /* Release */,
			);
			defaultConfigurationIsVisible = 0;
			defaultConfigurationName = Release;
		};
		81B079F31BCCAF9700FDA2EC /* Build configuration list for PBXNativeTarget "FYCategoryExampleTests" */ = {
			isa = XCConfigurationList;
			buildConfigurations = (
				81B079F41BCCAF9700FDA2EC /* Debug */,
				81B079F51BCCAF9700FDA2EC /* Release */,
			);
			defaultConfigurationIsVisible = 0;
			defaultConfigurationName = Release;
		};
/* End XCConfigurationList section */
	};
	rootObject = 81B079C51BCCAF9700FDA2EC /* Project object */;
}
