// !$*UTF8*$!
{
	archiveVersion = 1;
	classes = {
	};
	objectVersion = 51;
	objects = {

/* Begin PBXBuildFile section */
		845AAEF62105C61A008DA154 /* ResizeTransformViewController.m in Sources */ = {isa = PBXBuildFile; fileRef = 845AAEF52105C61A008DA154 /* ResizeTransformViewController.m */; };
		845AAEF82105C628008DA154 /* ResizeTransformUIView.storyboard in Resources */ = {isa = PBXBuildFile; fileRef = 845AAEF72105C628008DA154 /* ResizeTransformUIView.storyboard */; };
		845AAEFC2105C80D008DA154 /* UIView+Draw.m in Sources */ = {isa = PBXBuildFile; fileRef = 845AAEFB2105C80C008DA154 /* UIView+Draw.m */; };
		845AAF022105CC3C008DA154 /* AttributedString.storyboard in Resources */ = {isa = PBXBuildFile; fileRef = 845AAF012105CC3C008DA154 /* AttributedString.storyboard */; };
		845AAF052105CC75008DA154 /* AttributedStringViewController.m in Sources */ = {isa = PBXBuildFile; fileRef = 845AAF042105CC75008DA154 /* AttributedStringViewController.m */; };
		8461FAAA210EEC2D004C1D4E /* BezierPathVC.m in Sources */ = {isa = PBXBuildFile; fileRef = 8461FAA9210EEC2D004C1D4E /* BezierPathVC.m */; };
		8461FAAC210EEC3A004C1D4E /* BezierPath.storyboard in Resources */ = {isa = PBXBuildFile; fileRef = 8461FAAB210EEC3A004C1D4E /* BezierPath.storyboard */; };
		846706992100205D00B7D288 /* AppDelegate.m in Sources */ = {isa = PBXBuildFile; fileRef = 846706982100205D00B7D288 /* AppDelegate.m */; };
		8467069F2100205D00B7D288 /* Main.storyboard in Resources */ = {isa = PBXBuildFile; fileRef = 8467069D2100205D00B7D288 /* Main.storyboard */; };
		846706A12100205E00B7D288 /* Assets.xcassets in Resources */ = {isa = PBXBuildFile; fileRef = 846706A02100205E00B7D288 /* Assets.xcassets */; };
		846706A42100205E00B7D288 /* LaunchScreen.storyboard in Resources */ = {isa = PBXBuildFile; fileRef = 846706A22100205E00B7D288 /* LaunchScreen.storyboard */; };
		846706A72100205E00B7D288 /* main.m in Sources */ = {isa = PBXBuildFile; fileRef = 846706A62100205E00B7D288 /* main.m */; };
		846706E5210021B300B7D288 /* MainViewController.m in Sources */ = {isa = PBXBuildFile; fileRef = 846706E4210021B300B7D288 /* MainViewController.m */; };
		84670716210022AB00B7D288 /* NSObject+TTKVO.m in Sources */ = {isa = PBXBuildFile; fileRef = 8467070C210022AB00B7D288 /* NSObject+TTKVO.m */; };
		84670717210022AB00B7D288 /* TTApp.m in Sources */ = {isa = PBXBuildFile; fileRef = 8467070E210022AB00B7D288 /* TTApp.m */; };
		84670718210022AB00B7D288 /* TTErrorView.m in Sources */ = {isa = PBXBuildFile; fileRef = 84670710210022AB00B7D288 /* TTErrorView.m */; };
		84670719210022AB00B7D288 /* UIImage+TTCode.m in Sources */ = {isa = PBXBuildFile; fileRef = 84670713210022AB00B7D288 /* UIImage+TTCode.m */; };
		8467071A210022AB00B7D288 /* UIViewController+TTAlert.m in Sources */ = {isa = PBXBuildFile; fileRef = 84670715210022AB00B7D288 /* UIViewController+TTAlert.m */; };
		8467071E210030D100B7D288 /* CoreImage.storyboard in Resources */ = {isa = PBXBuildFile; fileRef = 8467071D210030D100B7D288 /* CoreImage.storyboard */; };
		846707232100333D00B7D288 /* CoreImageStudyVC.m in Sources */ = {isa = PBXBuildFile; fileRef = 846707222100333D00B7D288 /* CoreImageStudyVC.m */; };
		84888856211945DB00FBAC8F /* Code.storyboard in Resources */ = {isa = PBXBuildFile; fileRef = 84888855211945DB00FBAC8F /* Code.storyboard */; };
		848888592119466C00FBAC8F /* CodeGeneratViewController.m in Sources */ = {isa = PBXBuildFile; fileRef = 848888582119466C00FBAC8F /* CodeGeneratViewController.m */; };
		851463D322C1ADD9005E0F0A /* UIAlertController+TTAlert.m in Sources */ = {isa = PBXBuildFile; fileRef = 851463D222C1ADD9005E0F0A /* UIAlertController+TTAlert.m */; };
		8586AF9622C075890077B664 /* NSString+TTRegularExpression.m in Sources */ = {isa = PBXBuildFile; fileRef = 8586AF9522C075890077B664 /* NSString+TTRegularExpression.m */; };
		8586AF9922C07AFE0077B664 /* BYFoundationLog.m in Sources */ = {isa = PBXBuildFile; fileRef = 8586AF9822C07AFE0077B664 /* BYFoundationLog.m */; };
		8586AFA522C07D0C0077B664 /* TTRequestManager.m in Sources */ = {isa = PBXBuildFile; fileRef = 8586AFA422C07D0C0077B664 /* TTRequestManager.m */; };
		8586AFA922C0AA4E0077B664 /* TTPermissionManager.m in Sources */ = {isa = PBXBuildFile; fileRef = 8586AFA722C0AA4E0077B664 /* TTPermissionManager.m */; };
		8586AFF122C0CF210077B664 /* SSKeychain.m in Sources */ = {isa = PBXBuildFile; fileRef = 8586AFF022C0CF210077B664 /* SSKeychain.m */; };
		8586AFF422C0CF970077B664 /* TTKeychainManager.m in Sources */ = {isa = PBXBuildFile; fileRef = 8586AFF322C0CF970077B664 /* TTKeychainManager.m */; };
		8586AFF722C0D6760077B664 /* UIColor+TTHex.m in Sources */ = {isa = PBXBuildFile; fileRef = 8586AFF622C0D6760077B664 /* UIColor+TTHex.m */; };
		8591877722C3099600E2DC9A /* TTAES128Encrypter.m in Sources */ = {isa = PBXBuildFile; fileRef = 8591877322C3099600E2DC9A /* TTAES128Encrypter.m */; };
		8591877822C3099600E2DC9A /* NSData+AES128TL.m in Sources */ = {isa = PBXBuildFile; fileRef = 8591877622C3099600E2DC9A /* NSData+AES128TL.m */; };
		D919EC6A5C6EC2C46784AAC9 /* Pods_TTToolSamples.framework in Frameworks */ = {isa = PBXBuildFile; fileRef = 855484ECE8C6043F720CB62B /* Pods_TTToolSamples.framework */; };
		DA4560A3229C095200525AA3 /* NSDictionary+String.m in Sources */ = {isa = PBXBuildFile; fileRef = DA45609D229C095100525AA3 /* NSDictionary+String.m */; };
		DA4560A4229C095200525AA3 /* UIView+SYJXibConfiguration.m in Sources */ = {isa = PBXBuildFile; fileRef = DA45609F229C095100525AA3 /* UIView+SYJXibConfiguration.m */; };
/* End PBXBuildFile section */

/* Begin PBXFileReference section */
		07152F5DD6F278EC8B2D15E5 /* Pods-TTToolSamples.release.xcconfig */ = {isa = PBXFileReference; includeInIndex = 1; lastKnownFileType = text.xcconfig; name = "Pods-TTToolSamples.release.xcconfig"; path = "Target Support Files/Pods-TTToolSamples/Pods-TTToolSamples.release.xcconfig"; sourceTree = "<group>"; };
		845AAEF42105C61A008DA154 /* ResizeTransformViewController.h */ = {isa = PBXFileReference; lastKnownFileType = sourcecode.c.h; path = ResizeTransformViewController.h; sourceTree = "<group>"; };
		845AAEF52105C61A008DA154 /* ResizeTransformViewController.m */ = {isa = PBXFileReference; lastKnownFileType = sourcecode.c.objc; path = ResizeTransformViewController.m; sourceTree = "<group>"; };
		845AAEF72105C628008DA154 /* ResizeTransformUIView.storyboard */ = {isa = PBXFileReference; lastKnownFileType = file.storyboard; path = ResizeTransformUIView.storyboard; sourceTree = "<group>"; };
		845AAEFA2105C80C008DA154 /* UIView+Draw.h */ = {isa = PBXFileReference; fileEncoding = 4; lastKnownFileType = sourcecode.c.h; path = "UIView+Draw.h"; sourceTree = "<group>"; };
		845AAEFB2105C80C008DA154 /* UIView+Draw.m */ = {isa = PBXFileReference; fileEncoding = 4; lastKnownFileType = sourcecode.c.objc; path = "UIView+Draw.m"; sourceTree = "<group>"; };
		845AAF012105CC3C008DA154 /* AttributedString.storyboard */ = {isa = PBXFileReference; lastKnownFileType = file.storyboard; path = AttributedString.storyboard; sourceTree = "<group>"; };
		845AAF032105CC75008DA154 /* AttributedStringViewController.h */ = {isa = PBXFileReference; lastKnownFileType = sourcecode.c.h; path = AttributedStringViewController.h; sourceTree = "<group>"; };
		845AAF042105CC75008DA154 /* AttributedStringViewController.m */ = {isa = PBXFileReference; lastKnownFileType = sourcecode.c.objc; path = AttributedStringViewController.m; sourceTree = "<group>"; };
		8461FAA8210EEC2D004C1D4E /* BezierPathVC.h */ = {isa = PBXFileReference; lastKnownFileType = sourcecode.c.h; path = BezierPathVC.h; sourceTree = "<group>"; };
		8461FAA9210EEC2D004C1D4E /* BezierPathVC.m */ = {isa = PBXFileReference; lastKnownFileType = sourcecode.c.objc; path = BezierPathVC.m; sourceTree = "<group>"; };
		8461FAAB210EEC3A004C1D4E /* BezierPath.storyboard */ = {isa = PBXFileReference; lastKnownFileType = file.storyboard; path = BezierPath.storyboard; sourceTree = "<group>"; };
		846706942100205D00B7D288 /* TTToolSamples.app */ = {isa = PBXFileReference; explicitFileType = wrapper.application; includeInIndex = 0; path = TTToolSamples.app; sourceTree = BUILT_PRODUCTS_DIR; };
		846706972100205D00B7D288 /* AppDelegate.h */ = {isa = PBXFileReference; lastKnownFileType = sourcecode.c.h; path = AppDelegate.h; sourceTree = "<group>"; };
		846706982100205D00B7D288 /* AppDelegate.m */ = {isa = PBXFileReference; lastKnownFileType = sourcecode.c.objc; path = AppDelegate.m; sourceTree = "<group>"; };
		8467069E2100205D00B7D288 /* Base */ = {isa = PBXFileReference; lastKnownFileType = file.storyboard; name = Base; path = Base.lproj/Main.storyboard; sourceTree = "<group>"; };
		846706A02100205E00B7D288 /* Assets.xcassets */ = {isa = PBXFileReference; lastKnownFileType = folder.assetcatalog; path = Assets.xcassets; sourceTree = "<group>"; };
		846706A32100205E00B7D288 /* Base */ = {isa = PBXFileReference; lastKnownFileType = file.storyboard; name = Base; path = Base.lproj/LaunchScreen.storyboard; sourceTree = "<group>"; };
		846706A52100205E00B7D288 /* Info.plist */ = {isa = PBXFileReference; lastKnownFileType = text.plist.xml; path = Info.plist; sourceTree = "<group>"; };
		846706A62100205E00B7D288 /* main.m */ = {isa = PBXFileReference; lastKnownFileType = sourcecode.c.objc; path = main.m; sourceTree = "<group>"; };
		846706E3210021B300B7D288 /* MainViewController.h */ = {isa = PBXFileReference; lastKnownFileType = sourcecode.c.h; path = MainViewController.h; sourceTree = "<group>"; };
		846706E4210021B300B7D288 /* MainViewController.m */ = {isa = PBXFileReference; lastKnownFileType = sourcecode.c.objc; path = MainViewController.m; sourceTree = "<group>"; };
		8467070B210022AB00B7D288 /* NSObject+TTKVO.h */ = {isa = PBXFileReference; fileEncoding = 4; lastKnownFileType = sourcecode.c.h; path = "NSObject+TTKVO.h"; sourceTree = "<group>"; };
		8467070C210022AB00B7D288 /* NSObject+TTKVO.m */ = {isa = PBXFileReference; fileEncoding = 4; lastKnownFileType = sourcecode.c.objc; path = "NSObject+TTKVO.m"; sourceTree = "<group>"; };
		8467070D210022AB00B7D288 /* TTApp.h */ = {isa = PBXFileReference; fileEncoding = 4; lastKnownFileType = sourcecode.c.h; path = TTApp.h; sourceTree = "<group>"; };
		8467070E210022AB00B7D288 /* TTApp.m */ = {isa = PBXFileReference; fileEncoding = 4; lastKnownFileType = sourcecode.c.objc; path = TTApp.m; sourceTree = "<group>"; };
		8467070F210022AB00B7D288 /* TTErrorView.h */ = {isa = PBXFileReference; fileEncoding = 4; lastKnownFileType = sourcecode.c.h; path = TTErrorView.h; sourceTree = "<group>"; };
		84670710210022AB00B7D288 /* TTErrorView.m */ = {isa = PBXFileReference; fileEncoding = 4; lastKnownFileType = sourcecode.c.objc; path = TTErrorView.m; sourceTree = "<group>"; };
		84670711210022AB00B7D288 /* TTTool.h */ = {isa = PBXFileReference; fileEncoding = 4; lastKnownFileType = sourcecode.c.h; path = TTTool.h; sourceTree = "<group>"; };
		84670712210022AB00B7D288 /* UIImage+TTCode.h */ = {isa = PBXFileReference; fileEncoding = 4; lastKnownFileType = sourcecode.c.h; path = "UIImage+TTCode.h"; sourceTree = "<group>"; };
		84670713210022AB00B7D288 /* UIImage+TTCode.m */ = {isa = PBXFileReference; fileEncoding = 4; lastKnownFileType = sourcecode.c.objc; path = "UIImage+TTCode.m"; sourceTree = "<group>"; };
		84670714210022AB00B7D288 /* UIViewController+TTAlert.h */ = {isa = PBXFileReference; fileEncoding = 4; lastKnownFileType = sourcecode.c.h; path = "UIViewController+TTAlert.h"; sourceTree = "<group>"; };
		84670715210022AB00B7D288 /* UIViewController+TTAlert.m */ = {isa = PBXFileReference; fileEncoding = 4; lastKnownFileType = sourcecode.c.objc; path = "UIViewController+TTAlert.m"; sourceTree = "<group>"; };
		8467071B210022E400B7D288 /* PrefixHeader.pch */ = {isa = PBXFileReference; lastKnownFileType = sourcecode.c.h; path = PrefixHeader.pch; sourceTree = "<group>"; };
		8467071D210030D100B7D288 /* CoreImage.storyboard */ = {isa = PBXFileReference; lastKnownFileType = file.storyboard; path = CoreImage.storyboard; sourceTree = "<group>"; };
		846707212100333D00B7D288 /* CoreImageStudyVC.h */ = {isa = PBXFileReference; lastKnownFileType = sourcecode.c.h; path = CoreImageStudyVC.h; sourceTree = "<group>"; };
		846707222100333D00B7D288 /* CoreImageStudyVC.m */ = {isa = PBXFileReference; lastKnownFileType = sourcecode.c.objc; path = CoreImageStudyVC.m; sourceTree = "<group>"; };
		84888855211945DB00FBAC8F /* Code.storyboard */ = {isa = PBXFileReference; lastKnownFileType = file.storyboard; path = Code.storyboard; sourceTree = "<group>"; };
		848888572119466C00FBAC8F /* CodeGeneratViewController.h */ = {isa = PBXFileReference; lastKnownFileType = sourcecode.c.h; path = CodeGeneratViewController.h; sourceTree = "<group>"; };
		848888582119466C00FBAC8F /* CodeGeneratViewController.m */ = {isa = PBXFileReference; lastKnownFileType = sourcecode.c.objc; path = CodeGeneratViewController.m; sourceTree = "<group>"; };
		851463D122C1ADD9005E0F0A /* UIAlertController+TTAlert.h */ = {isa = PBXFileReference; lastKnownFileType = sourcecode.c.h; path = "UIAlertController+TTAlert.h"; sourceTree = "<group>"; };
		851463D222C1ADD9005E0F0A /* UIAlertController+TTAlert.m */ = {isa = PBXFileReference; lastKnownFileType = sourcecode.c.objc; path = "UIAlertController+TTAlert.m"; sourceTree = "<group>"; };
		855484ECE8C6043F720CB62B /* Pods_TTToolSamples.framework */ = {isa = PBXFileReference; explicitFileType = wrapper.framework; includeInIndex = 0; path = Pods_TTToolSamples.framework; sourceTree = BUILT_PRODUCTS_DIR; };
		8586AF8822C073080077B664 /* TTCategoriesHeader.h */ = {isa = PBXFileReference; lastKnownFileType = sourcecode.c.h; path = TTCategoriesHeader.h; sourceTree = "<group>"; };
		8586AF8A22C073710077B664 /* TTUIKit.h */ = {isa = PBXFileReference; lastKnownFileType = sourcecode.c.h; path = TTUIKit.h; sourceTree = "<group>"; };
		8586AF9222C074020077B664 /* TTFoundation.h */ = {isa = PBXFileReference; lastKnownFileType = sourcecode.c.h; path = TTFoundation.h; sourceTree = "<group>"; };
		8586AF9422C075890077B664 /* NSString+TTRegularExpression.h */ = {isa = PBXFileReference; lastKnownFileType = sourcecode.c.h; path = "NSString+TTRegularExpression.h"; sourceTree = "<group>"; };
		8586AF9522C075890077B664 /* NSString+TTRegularExpression.m */ = {isa = PBXFileReference; lastKnownFileType = sourcecode.c.objc; path = "NSString+TTRegularExpression.m"; sourceTree = "<group>"; };
		8586AF9822C07AFE0077B664 /* BYFoundationLog.m */ = {isa = PBXFileReference; fileEncoding = 4; lastKnownFileType = sourcecode.c.objc; path = BYFoundationLog.m; sourceTree = "<group>"; };
		8586AF9B22C07B800077B664 /* TTUITools.h */ = {isa = PBXFileReference; lastKnownFileType = sourcecode.c.h; path = TTUITools.h; sourceTree = "<group>"; };
		8586AF9C22C07BC20077B664 /* TTHelper.h */ = {isa = PBXFileReference; lastKnownFileType = sourcecode.c.h; path = TTHelper.h; sourceTree = "<group>"; };
		8586AFA022C07CD30077B664 /* TTNetWork.h */ = {isa = PBXFileReference; lastKnownFileType = sourcecode.c.h; path = TTNetWork.h; sourceTree = "<group>"; };
		8586AFA222C07CF60077B664 /* RequestHeader.h */ = {isa = PBXFileReference; lastKnownFileType = sourcecode.c.h; path = RequestHeader.h; sourceTree = "<group>"; };
		8586AFA322C07D0C0077B664 /* TTRequestManager.h */ = {isa = PBXFileReference; fileEncoding = 4; lastKnownFileType = sourcecode.c.h; path = TTRequestManager.h; sourceTree = "<group>"; };
		8586AFA422C07D0C0077B664 /* TTRequestManager.m */ = {isa = PBXFileReference; fileEncoding = 4; lastKnownFileType = sourcecode.c.objc; path = TTRequestManager.m; sourceTree = "<group>"; };
		8586AFA722C0AA4E0077B664 /* TTPermissionManager.m */ = {isa = PBXFileReference; fileEncoding = 4; lastKnownFileType = sourcecode.c.objc; path = TTPermissionManager.m; sourceTree = "<group>"; };
		8586AFA822C0AA4E0077B664 /* TTPermissionManager.h */ = {isa = PBXFileReference; fileEncoding = 4; lastKnownFileType = sourcecode.c.h; path = TTPermissionManager.h; sourceTree = "<group>"; };
		8586AFED22C0CEDA0077B664 /* TTCache.h */ = {isa = PBXFileReference; lastKnownFileType = sourcecode.c.h; path = TTCache.h; sourceTree = "<group>"; };
		8586AFEF22C0CF210077B664 /* SSKeychain.h */ = {isa = PBXFileReference; fileEncoding = 4; lastKnownFileType = sourcecode.c.h; path = SSKeychain.h; sourceTree = "<group>"; };
		8586AFF022C0CF210077B664 /* SSKeychain.m */ = {isa = PBXFileReference; fileEncoding = 4; lastKnownFileType = sourcecode.c.objc; path = SSKeychain.m; sourceTree = "<group>"; };
		8586AFF222C0CF970077B664 /* TTKeychainManager.h */ = {isa = PBXFileReference; lastKnownFileType = sourcecode.c.h; path = TTKeychainManager.h; sourceTree = "<group>"; };
		8586AFF322C0CF970077B664 /* TTKeychainManager.m */ = {isa = PBXFileReference; lastKnownFileType = sourcecode.c.objc; path = TTKeychainManager.m; sourceTree = "<group>"; };
		8586AFF522C0D6760077B664 /* UIColor+TTHex.h */ = {isa = PBXFileReference; lastKnownFileType = sourcecode.c.h; path = "UIColor+TTHex.h"; sourceTree = "<group>"; };
		8586AFF622C0D6760077B664 /* UIColor+TTHex.m */ = {isa = PBXFileReference; lastKnownFileType = sourcecode.c.objc; path = "UIColor+TTHex.m"; sourceTree = "<group>"; };
		8591877122C3099600E2DC9A /* TTEncryptHeader.h */ = {isa = PBXFileReference; fileEncoding = 4; lastKnownFileType = sourcecode.c.h; path = TTEncryptHeader.h; sourceTree = "<group>"; };
		8591877322C3099600E2DC9A /* TTAES128Encrypter.m */ = {isa = PBXFileReference; fileEncoding = 4; lastKnownFileType = sourcecode.c.objc; path = TTAES128Encrypter.m; sourceTree = "<group>"; };
		8591877422C3099600E2DC9A /* NSData+AES128TL.h */ = {isa = PBXFileReference; fileEncoding = 4; lastKnownFileType = sourcecode.c.h; path = "NSData+AES128TL.h"; sourceTree = "<group>"; };
		8591877522C3099600E2DC9A /* TTAES128Encrypter.h */ = {isa = PBXFileReference; fileEncoding = 4; lastKnownFileType = sourcecode.c.h; path = TTAES128Encrypter.h; sourceTree = "<group>"; };
		8591877622C3099600E2DC9A /* NSData+AES128TL.m */ = {isa = PBXFileReference; fileEncoding = 4; lastKnownFileType = sourcecode.c.objc; path = "NSData+AES128TL.m"; sourceTree = "<group>"; };
		8591877922C309B100E2DC9A /* README.md */ = {isa = PBXFileReference; lastKnownFileType = net.daringfireball.markdown; path = README.md; sourceTree = "<group>"; };
		85C0803B22B33C150023DE39 /* README.md */ = {isa = PBXFileReference; lastKnownFileType = net.daringfireball.markdown; path = README.md; sourceTree = "<group>"; };
		85C0803C22B33C2D0023DE39 /* MacroHeader.h */ = {isa = PBXFileReference; lastKnownFileType = sourcecode.c.h; path = MacroHeader.h; sourceTree = "<group>"; };
		A6FEBCE2E5A6255242A4911A /* Pods-TTToolSamples.debug.xcconfig */ = {isa = PBXFileReference; includeInIndex = 1; lastKnownFileType = text.xcconfig; name = "Pods-TTToolSamples.debug.xcconfig"; path = "Target Support Files/Pods-TTToolSamples/Pods-TTToolSamples.debug.xcconfig"; sourceTree = "<group>"; };
		DA45609D229C095100525AA3 /* NSDictionary+String.m */ = {isa = PBXFileReference; fileEncoding = 4; lastKnownFileType = sourcecode.c.objc; path = "NSDictionary+String.m"; sourceTree = "<group>"; };
		DA45609E229C095100525AA3 /* UIView+SYJXibConfiguration.h */ = {isa = PBXFileReference; fileEncoding = 4; lastKnownFileType = sourcecode.c.h; path = "UIView+SYJXibConfiguration.h"; sourceTree = "<group>"; };
		DA45609F229C095100525AA3 /* UIView+SYJXibConfiguration.m */ = {isa = PBXFileReference; fileEncoding = 4; lastKnownFileType = sourcecode.c.objc; path = "UIView+SYJXibConfiguration.m"; sourceTree = "<group>"; };
		DA4560A1229C095100525AA3 /* NSDictionary+String.h */ = {isa = PBXFileReference; fileEncoding = 4; lastKnownFileType = sourcecode.c.h; path = "NSDictionary+String.h"; sourceTree = "<group>"; };
/* End PBXFileReference section */

/* Begin PBXFrameworksBuildPhase section */
		846706912100205D00B7D288 /* Frameworks */ = {
			isa = PBXFrameworksBuildPhase;
			buildActionMask = 2147483647;
			files = (
				D919EC6A5C6EC2C46784AAC9 /* Pods_TTToolSamples.framework in Frameworks */,
			);
			runOnlyForDeploymentPostprocessing = 0;
		};
/* End PBXFrameworksBuildPhase section */

/* Begin PBXGroup section */
		845AAEF92105C7F6008DA154 /* ResizeTransform */ = {
			isa = PBXGroup;
			children = (
				845AAEFD2105C816008DA154 /* Controller */,
				845AAEFE2105C81E008DA154 /* View */,
			);
			path = ResizeTransform;
			sourceTree = "<group>";
		};
		845AAEFD2105C816008DA154 /* Controller */ = {
			isa = PBXGroup;
			children = (
				845AAEF42105C61A008DA154 /* ResizeTransformViewController.h */,
				845AAEF52105C61A008DA154 /* ResizeTransformViewController.m */,
			);
			path = Controller;
			sourceTree = "<group>";
		};
		845AAEFE2105C81E008DA154 /* View */ = {
			isa = PBXGroup;
			children = (
				845AAEFA2105C80C008DA154 /* UIView+Draw.h */,
				845AAEFB2105C80C008DA154 /* UIView+Draw.m */,
			);
			path = View;
			sourceTree = "<group>";
		};
		845AAEFF2105CBFB008DA154 /* AttributedString */ = {
			isa = PBXGroup;
			children = (
				845AAF032105CC75008DA154 /* AttributedStringViewController.h */,
				845AAF042105CC75008DA154 /* AttributedStringViewController.m */,
			);
			path = AttributedString;
			sourceTree = "<group>";
		};
		8461FAA4210EEBDA004C1D4E /* 贝塞尔曲线 */ = {
			isa = PBXGroup;
			children = (
				8461FAA8210EEC2D004C1D4E /* BezierPathVC.h */,
				8461FAA9210EEC2D004C1D4E /* BezierPathVC.m */,
			);
			path = "贝塞尔曲线";
			sourceTree = "<group>";
		};
		8467068B2100205D00B7D288 = {
			isa = PBXGroup;
			children = (
				8467070A210022AB00B7D288 /* TTTool */,
				846706962100205D00B7D288 /* TTToolSamples */,
				846706952100205D00B7D288 /* Products */,
				900E73C38CA7002F30A01927 /* Pods */,
				A377676C4C4B29187FE404F1 /* Frameworks */,
			);
			sourceTree = "<group>";
		};
		846706952100205D00B7D288 /* Products */ = {
			isa = PBXGroup;
			children = (
				846706942100205D00B7D288 /* TTToolSamples.app */,
			);
			name = Products;
			sourceTree = "<group>";
		};
		846706962100205D00B7D288 /* TTToolSamples */ = {
			isa = PBXGroup;
			children = (
				846707202100331500B7D288 /* Study */,
				8467071F2100330F00B7D288 /* Samples */,
				846706972100205D00B7D288 /* AppDelegate.h */,
				846706982100205D00B7D288 /* AppDelegate.m */,
				846706E3210021B300B7D288 /* MainViewController.h */,
				846706E4210021B300B7D288 /* MainViewController.m */,
				8467071B210022E400B7D288 /* PrefixHeader.pch */,
				846706BE2100208900B7D288 /* Vendor */,
				8467071C2100309D00B7D288 /* Storyboards */,
				846706A02100205E00B7D288 /* Assets.xcassets */,
				846706A22100205E00B7D288 /* LaunchScreen.storyboard */,
				846706A52100205E00B7D288 /* Info.plist */,
				846706A62100205E00B7D288 /* main.m */,
			);
			path = TTToolSamples;
			sourceTree = "<group>";
		};
		846706BE2100208900B7D288 /* Vendor */ = {
			isa = PBXGroup;
			children = (
			);
			path = Vendor;
			sourceTree = "<group>";
		};
		8467070A210022AB00B7D288 /* TTTool */ = {
			isa = PBXGroup;
			children = (
				84670711210022AB00B7D288 /* TTTool.h */,
				8586AF9F22C07CC00077B664 /* NetWork */,
				8586AF9A22C07B550077B664 /* UITools */,
				8586AF9722C07AF00077B664 /* Debug */,
				85C0803A22B33B9D0023DE39 /* Macro(宏定义) */,
				DA4560A7229C09AC00525AA3 /* Helper */,
				DA45609C229C093600525AA3 /* Categories */,
			);
			path = TTTool;
			sourceTree = "<group>";
		};
		8467071C2100309D00B7D288 /* Storyboards */ = {
			isa = PBXGroup;
			children = (
				8467069D2100205D00B7D288 /* Main.storyboard */,
				8467071D210030D100B7D288 /* CoreImage.storyboard */,
				845AAEF72105C628008DA154 /* ResizeTransformUIView.storyboard */,
				845AAF012105CC3C008DA154 /* AttributedString.storyboard */,
				8461FAAB210EEC3A004C1D4E /* BezierPath.storyboard */,
			);
			path = Storyboards;
			sourceTree = "<group>";
		};
		8467071F2100330F00B7D288 /* Samples */ = {
			isa = PBXGroup;
			children = (
			);
			path = Samples;
			sourceTree = "<group>";
		};
		846707202100331500B7D288 /* Study */ = {
			isa = PBXGroup;
			children = (
				848888542119454600FBAC8F /* 条码生成 */,
				8461FAA4210EEBDA004C1D4E /* 贝塞尔曲线 */,
				845AAEFF2105CBFB008DA154 /* AttributedString */,
				845AAEF92105C7F6008DA154 /* ResizeTransform */,
				846707212100333D00B7D288 /* CoreImageStudyVC.h */,
				846707222100333D00B7D288 /* CoreImageStudyVC.m */,
			);
			path = Study;
			sourceTree = "<group>";
		};
		848888542119454600FBAC8F /* 条码生成 */ = {
			isa = PBXGroup;
			children = (
				84888855211945DB00FBAC8F /* Code.storyboard */,
				848888572119466C00FBAC8F /* CodeGeneratViewController.h */,
				848888582119466C00FBAC8F /* CodeGeneratViewController.m */,
			);
			path = "条码生成";
			sourceTree = "<group>";
		};
		8586AF8922C073430077B664 /* UIKit */ = {
			isa = PBXGroup;
			children = (
				8586AF8A22C073710077B664 /* TTUIKit.h */,
				8586AFF822C0D96C0077B664 /* UIAlertController */,
				8586AF8E22C073B30077B664 /* UIViewController */,
				8586AF8D22C073A30077B664 /* UIImage */,
				8586AF8C22C0738B0077B664 /* UIColor */,
				8586AF8B22C0737B0077B664 /* UIView */,
			);
			path = UIKit;
			sourceTree = "<group>";
		};
		8586AF8B22C0737B0077B664 /* UIView */ = {
			isa = PBXGroup;
			children = (
				DA45609E229C095100525AA3 /* UIView+SYJXibConfiguration.h */,
				DA45609F229C095100525AA3 /* UIView+SYJXibConfiguration.m */,
			);
			path = UIView;
			sourceTree = "<group>";
		};
		8586AF8C22C0738B0077B664 /* UIColor */ = {
			isa = PBXGroup;
			children = (
				8586AFF522C0D6760077B664 /* UIColor+TTHex.h */,
				8586AFF622C0D6760077B664 /* UIColor+TTHex.m */,
			);
			path = UIColor;
			sourceTree = "<group>";
		};
		8586AF8D22C073A30077B664 /* UIImage */ = {
			isa = PBXGroup;
			children = (
				84670712210022AB00B7D288 /* UIImage+TTCode.h */,
				84670713210022AB00B7D288 /* UIImage+TTCode.m */,
			);
			path = UIImage;
			sourceTree = "<group>";
		};
		8586AF8E22C073B30077B664 /* UIViewController */ = {
			isa = PBXGroup;
			children = (
				84670714210022AB00B7D288 /* UIViewController+TTAlert.h */,
				84670715210022AB00B7D288 /* UIViewController+TTAlert.m */,
			);
			path = UIViewController;
			sourceTree = "<group>";
		};
		8586AF8F22C073CB0077B664 /* Foundation */ = {
			isa = PBXGroup;
			children = (
				8586AF9222C074020077B664 /* TTFoundation.h */,
				8586AF9322C0751E0077B664 /* NSString */,
				8586AF9122C073E60077B664 /* NSDictionary */,
				8586AF9022C073DE0077B664 /* NSObject */,
			);
			path = Foundation;
			sourceTree = "<group>";
		};
		8586AF9022C073DE0077B664 /* NSObject */ = {
			isa = PBXGroup;
			children = (
				8467070B210022AB00B7D288 /* NSObject+TTKVO.h */,
				8467070C210022AB00B7D288 /* NSObject+TTKVO.m */,
			);
			path = NSObject;
			sourceTree = "<group>";
		};
		8586AF9122C073E60077B664 /* NSDictionary */ = {
			isa = PBXGroup;
			children = (
				DA4560A1229C095100525AA3 /* NSDictionary+String.h */,
				DA45609D229C095100525AA3 /* NSDictionary+String.m */,
			);
			path = NSDictionary;
			sourceTree = "<group>";
		};
		8586AF9322C0751E0077B664 /* NSString */ = {
			isa = PBXGroup;
			children = (
				8586AF9422C075890077B664 /* NSString+TTRegularExpression.h */,
				8586AF9522C075890077B664 /* NSString+TTRegularExpression.m */,
			);
			path = NSString;
			sourceTree = "<group>";
		};
		8586AF9722C07AF00077B664 /* Debug */ = {
			isa = PBXGroup;
			children = (
				8586AF9822C07AFE0077B664 /* BYFoundationLog.m */,
			);
			path = Debug;
			sourceTree = "<group>";
		};
		8586AF9A22C07B550077B664 /* UITools */ = {
			isa = PBXGroup;
			children = (
				8586AF9B22C07B800077B664 /* TTUITools.h */,
				8586AF9E22C07BF40077B664 /* ErrorView */,
			);
			path = UITools;
			sourceTree = "<group>";
		};
		8586AF9D22C07BCB0077B664 /* App */ = {
			isa = PBXGroup;
			children = (
				8467070D210022AB00B7D288 /* TTApp.h */,
				8467070E210022AB00B7D288 /* TTApp.m */,
			);
			path = App;
			sourceTree = "<group>";
		};
		8586AF9E22C07BF40077B664 /* ErrorView */ = {
			isa = PBXGroup;
			children = (
				8467070F210022AB00B7D288 /* TTErrorView.h */,
				84670710210022AB00B7D288 /* TTErrorView.m */,
			);
			path = ErrorView;
			sourceTree = "<group>";
		};
		8586AF9F22C07CC00077B664 /* NetWork */ = {
			isa = PBXGroup;
			children = (
				8586AFA022C07CD30077B664 /* TTNetWork.h */,
				8586AFA122C07CE40077B664 /* Request */,
			);
			path = NetWork;
			sourceTree = "<group>";
		};
		8586AFA122C07CE40077B664 /* Request */ = {
			isa = PBXGroup;
			children = (
				8586AFA222C07CF60077B664 /* RequestHeader.h */,
				8586AFA322C07D0C0077B664 /* TTRequestManager.h */,
				8586AFA422C07D0C0077B664 /* TTRequestManager.m */,
			);
			path = Request;
			sourceTree = "<group>";
		};
		8586AFA622C0AA1F0077B664 /* Permission(权限申请) */ = {
			isa = PBXGroup;
			children = (
				8586AFA822C0AA4E0077B664 /* TTPermissionManager.h */,
				8586AFA722C0AA4E0077B664 /* TTPermissionManager.m */,
			);
			path = "Permission(权限申请)";
			sourceTree = "<group>";
		};
		8586AFEC22C0CEAB0077B664 /* Cache */ = {
			isa = PBXGroup;
			children = (
				8586AFED22C0CEDA0077B664 /* TTCache.h */,
				8586AFEE22C0CEDF0077B664 /* Keychain */,
			);
			path = Cache;
			sourceTree = "<group>";
		};
		8586AFEE22C0CEDF0077B664 /* Keychain */ = {
			isa = PBXGroup;
			children = (
				8586AFF222C0CF970077B664 /* TTKeychainManager.h */,
				8586AFF322C0CF970077B664 /* TTKeychainManager.m */,
				8586AFEF22C0CF210077B664 /* SSKeychain.h */,
				8586AFF022C0CF210077B664 /* SSKeychain.m */,
			);
			path = Keychain;
			sourceTree = "<group>";
		};
		8586AFF822C0D96C0077B664 /* UIAlertController */ = {
			isa = PBXGroup;
			children = (
				851463D122C1ADD9005E0F0A /* UIAlertController+TTAlert.h */,
				851463D222C1ADD9005E0F0A /* UIAlertController+TTAlert.m */,
			);
			path = UIAlertController;
			sourceTree = "<group>";
		};
		8591877022C3099600E2DC9A /* Encryption */ = {
			isa = PBXGroup;
			children = (
				8591877922C309B100E2DC9A /* README.md */,
				8591877122C3099600E2DC9A /* TTEncryptHeader.h */,
				8591877222C3099600E2DC9A /* AES128 */,
			);
			path = Encryption;
			sourceTree = "<group>";
		};
		8591877222C3099600E2DC9A /* AES128 */ = {
			isa = PBXGroup;
			children = (
				8591877422C3099600E2DC9A /* NSData+AES128TL.h */,
				8591877622C3099600E2DC9A /* NSData+AES128TL.m */,
				8591877522C3099600E2DC9A /* TTAES128Encrypter.h */,
				8591877322C3099600E2DC9A /* TTAES128Encrypter.m */,
			);
			path = AES128;
			sourceTree = "<group>";
		};
		85C0803A22B33B9D0023DE39 /* Macro(宏定义) */ = {
			isa = PBXGroup;
			children = (
				85C0803B22B33C150023DE39 /* README.md */,
				85C0803C22B33C2D0023DE39 /* MacroHeader.h */,
			);
			path = "Macro(宏定义)";
			sourceTree = "<group>";
		};
		900E73C38CA7002F30A01927 /* Pods */ = {
			isa = PBXGroup;
			children = (
				A6FEBCE2E5A6255242A4911A /* Pods-TTToolSamples.debug.xcconfig */,
				07152F5DD6F278EC8B2D15E5 /* Pods-TTToolSamples.release.xcconfig */,
			);
			path = Pods;
			sourceTree = "<group>";
		};
		A377676C4C4B29187FE404F1 /* Frameworks */ = {
			isa = PBXGroup;
			children = (
				855484ECE8C6043F720CB62B /* Pods_TTToolSamples.framework */,
			);
			name = Frameworks;
			sourceTree = "<group>";
		};
		DA45609C229C093600525AA3 /* Categories */ = {
			isa = PBXGroup;
			children = (
				8586AF8822C073080077B664 /* TTCategoriesHeader.h */,
				8586AF8F22C073CB0077B664 /* Foundation */,
				8586AF8922C073430077B664 /* UIKit */,
			);
			path = Categories;
			sourceTree = "<group>";
		};
		DA4560A7229C09AC00525AA3 /* Helper */ = {
			isa = PBXGroup;
			children = (
				8586AF9C22C07BC20077B664 /* TTHelper.h */,
				8591877022C3099600E2DC9A /* Encryption */,
				8586AFEC22C0CEAB0077B664 /* Cache */,
				8586AFA622C0AA1F0077B664 /* Permission(权限申请) */,
				8586AF9D22C07BCB0077B664 /* App */,
			);
			path = Helper;
			sourceTree = "<group>";
		};
/* End PBXGroup section */

/* Begin PBXNativeTarget section */
		846706932100205D00B7D288 /* TTToolSamples */ = {
			isa = PBXNativeTarget;
			buildConfigurationList = 846706AA2100205E00B7D288 /* Build configuration list for PBXNativeTarget "TTToolSamples" */;
			buildPhases = (
				9A6ABD69289B72F102DAE23E /* [CP] Check Pods Manifest.lock */,
				846706902100205D00B7D288 /* Sources */,
				846706912100205D00B7D288 /* Frameworks */,
				846706922100205D00B7D288 /* Resources */,
				E788BA669756332F19FC900B /* [CP] Embed Pods Frameworks */,
			);
			buildRules = (
			);
			dependencies = (
			);
			name = TTToolSamples;
			productName = TTToolSamples;
			productReference = 846706942100205D00B7D288 /* TTToolSamples.app */;
			productType = "com.apple.product-type.application";
		};
/* End PBXNativeTarget section */

/* Begin PBXProject section */
		8467068C2100205D00B7D288 /* Project object */ = {
			isa = PBXProject;
			attributes = {
				LastUpgradeCheck = 0940;
				ORGANIZATIONNAME = tongfy;
				TargetAttributes = {
					846706932100205D00B7D288 = {
						CreatedOnToolsVersion = 9.4.1;
					};
				};
			};
			buildConfigurationList = 8467068F2100205D00B7D288 /* Build configuration list for PBXProject "TTToolSamples" */;
			compatibilityVersion = "Xcode 9.3";
			developmentRegion = en;
			hasScannedForEncodings = 0;
			knownRegions = (
				en,
				Base,
			);
			mainGroup = 8467068B2100205D00B7D288;
			productRefGroup = 846706952100205D00B7D288 /* Products */;
			projectDirPath = "";
			projectRoot = "";
			targets = (
				846706932100205D00B7D288 /* TTToolSamples */,
			);
		};
/* End PBXProject section */

/* Begin PBXResourcesBuildPhase section */
		846706922100205D00B7D288 /* Resources */ = {
			isa = PBXResourcesBuildPhase;
			buildActionMask = 2147483647;
			files = (
				846706A42100205E00B7D288 /* LaunchScreen.storyboard in Resources */,
				84888856211945DB00FBAC8F /* Code.storyboard in Resources */,
				846706A12100205E00B7D288 /* Assets.xcassets in Resources */,
				8461FAAC210EEC3A004C1D4E /* BezierPath.storyboard in Resources */,
				8467069F2100205D00B7D288 /* Main.storyboard in Resources */,
				845AAEF82105C628008DA154 /* ResizeTransformUIView.storyboard in Resources */,
				8467071E210030D100B7D288 /* CoreImage.storyboard in Resources */,
				845AAF022105CC3C008DA154 /* AttributedString.storyboard in Resources */,
			);
			runOnlyForDeploymentPostprocessing = 0;
		};
/* End PBXResourcesBuildPhase section */

/* Begin PBXShellScriptBuildPhase section */
		9A6ABD69289B72F102DAE23E /* [CP] Check Pods Manifest.lock */ = {
			isa = PBXShellScriptBuildPhase;
			buildActionMask = 2147483647;
			files = (
			);
			inputFileListPaths = (
			);
			inputPaths = (
				"${PODS_PODFILE_DIR_PATH}/Podfile.lock",
				"${PODS_ROOT}/Manifest.lock",
			);
			name = "[CP] Check Pods Manifest.lock";
			outputFileListPaths = (
			);
			outputPaths = (
				"$(DERIVED_FILE_DIR)/Pods-TTToolSamples-checkManifestLockResult.txt",
			);
			runOnlyForDeploymentPostprocessing = 0;
			shellPath = /bin/sh;
			shellScript = "diff \"${PODS_PODFILE_DIR_PATH}/Podfile.lock\" \"${PODS_ROOT}/Manifest.lock\" > /dev/null\nif [ $? != 0 ] ; then\n    # print error to STDERR\n    echo \"error: The sandbox is not in sync with the Podfile.lock. Run 'pod install' or update your CocoaPods installation.\" >&2\n    exit 1\nfi\n# This output is used by Xcode 'outputs' to avoid re-running this script phase.\necho \"SUCCESS\" > \"${SCRIPT_OUTPUT_FILE_0}\"\n";
			showEnvVarsInLog = 0;
		};
		E788BA669756332F19FC900B /* [CP] Embed Pods Frameworks */ = {
			isa = PBXShellScriptBuildPhase;
			buildActionMask = 2147483647;
			files = (
			);
			inputFileListPaths = (
				"${PODS_ROOT}/Target Support Files/Pods-TTToolSamples/Pods-TTToolSamples-frameworks-${CONFIGURATION}-input-files.xcfilelist",
			);
			name = "[CP] Embed Pods Frameworks";
			outputFileListPaths = (
				"${PODS_ROOT}/Target Support Files/Pods-TTToolSamples/Pods-TTToolSamples-frameworks-${CONFIGURATION}-output-files.xcfilelist",
			);
			runOnlyForDeploymentPostprocessing = 0;
			shellPath = /bin/sh;
			shellScript = "\"${PODS_ROOT}/Target Support Files/Pods-TTToolSamples/Pods-TTToolSamples-frameworks.sh\"\n";
			showEnvVarsInLog = 0;
		};
/* End PBXShellScriptBuildPhase section */

/* Begin PBXSourcesBuildPhase section */
		846706902100205D00B7D288 /* Sources */ = {
			isa = PBXSourcesBuildPhase;
			buildActionMask = 2147483647;
			files = (
				8461FAAA210EEC2D004C1D4E /* BezierPathVC.m in Sources */,
				851463D322C1ADD9005E0F0A /* UIAlertController+TTAlert.m in Sources */,
				DA4560A3229C095200525AA3 /* NSDictionary+String.m in Sources */,
				8586AFA922C0AA4E0077B664 /* TTPermissionManager.m in Sources */,
				845AAF052105CC75008DA154 /* AttributedStringViewController.m in Sources */,
				DA4560A4229C095200525AA3 /* UIView+SYJXibConfiguration.m in Sources */,
				8586AFF422C0CF970077B664 /* TTKeychainManager.m in Sources */,
				8586AFA522C07D0C0077B664 /* TTRequestManager.m in Sources */,
				84670719210022AB00B7D288 /* UIImage+TTCode.m in Sources */,
				8467071A210022AB00B7D288 /* UIViewController+TTAlert.m in Sources */,
				8591877722C3099600E2DC9A /* TTAES128Encrypter.m in Sources */,
				846706A72100205E00B7D288 /* main.m in Sources */,
				8591877822C3099600E2DC9A /* NSData+AES128TL.m in Sources */,
				846707232100333D00B7D288 /* CoreImageStudyVC.m in Sources */,
				84670718210022AB00B7D288 /* TTErrorView.m in Sources */,
				846706E5210021B300B7D288 /* MainViewController.m in Sources */,
				84670717210022AB00B7D288 /* TTApp.m in Sources */,
				8586AF9622C075890077B664 /* NSString+TTRegularExpression.m in Sources */,
				846706992100205D00B7D288 /* AppDelegate.m in Sources */,
				84670716210022AB00B7D288 /* NSObject+TTKVO.m in Sources */,
				8586AF9922C07AFE0077B664 /* BYFoundationLog.m in Sources */,
				845AAEFC2105C80D008DA154 /* UIView+Draw.m in Sources */,
				8586AFF122C0CF210077B664 /* SSKeychain.m in Sources */,
				848888592119466C00FBAC8F /* CodeGeneratViewController.m in Sources */,
				845AAEF62105C61A008DA154 /* ResizeTransformViewController.m in Sources */,
				8586AFF722C0D6760077B664 /* UIColor+TTHex.m in Sources */,
			);
			runOnlyForDeploymentPostprocessing = 0;
		};
/* End PBXSourcesBuildPhase section */

/* Begin PBXVariantGroup section */
		8467069D2100205D00B7D288 /* Main.storyboard */ = {
			isa = PBXVariantGroup;
			children = (
				8467069E2100205D00B7D288 /* Base */,
			);
			name = Main.storyboard;
			sourceTree = "<group>";
		};
		846706A22100205E00B7D288 /* LaunchScreen.storyboard */ = {
			isa = PBXVariantGroup;
			children = (
				846706A32100205E00B7D288 /* Base */,
			);
			name = LaunchScreen.storyboard;
			sourceTree = "<group>";
		};
/* End PBXVariantGroup section */

/* Begin XCBuildConfiguration section */
		846706A82100205E00B7D288 /* Debug */ = {
			isa = XCBuildConfiguration;
			buildSettings = {
				ALWAYS_SEARCH_USER_PATHS = NO;
				CLANG_ANALYZER_NONNULL = YES;
				CLANG_ANALYZER_NUMBER_OBJECT_CONVERSION = YES_AGGRESSIVE;
				CLANG_CXX_LANGUAGE_STANDARD = "gnu++14";
				CLANG_CXX_LIBRARY = "libc++";
				CLANG_ENABLE_MODULES = YES;
				CLANG_ENABLE_OBJC_ARC = YES;
				CLANG_ENABLE_OBJC_WEAK = YES;
				CLANG_WARN_BLOCK_CAPTURE_AUTORELEASING = YES;
				CLANG_WARN_BOOL_CONVERSION = YES;
				CLANG_WARN_COMMA = YES;
				CLANG_WARN_CONSTANT_CONVERSION = YES;
				CLANG_WARN_DEPRECATED_OBJC_IMPLEMENTATIONS = YES;
				CLANG_WARN_DIRECT_OBJC_ISA_USAGE = YES_ERROR;
				CLANG_WARN_DOCUMENTATION_COMMENTS = YES;
				CLANG_WARN_EMPTY_BODY = YES;
				CLANG_WARN_ENUM_CONVERSION = YES;
				CLANG_WARN_INFINITE_RECURSION = YES;
				CLANG_WARN_INT_CONVERSION = YES;
				CLANG_WARN_NON_LITERAL_NULL_CONVERSION = YES;
				CLANG_WARN_OBJC_IMPLICIT_RETAIN_SELF = YES;
				CLANG_WARN_OBJC_LITERAL_CONVERSION = YES;
				CLANG_WARN_OBJC_ROOT_CLASS = YES_ERROR;
				CLANG_WARN_RANGE_LOOP_ANALYSIS = YES;
				CLANG_WARN_STRICT_PROTOTYPES = YES;
				CLANG_WARN_SUSPICIOUS_MOVE = YES;
				CLANG_WARN_UNGUARDED_AVAILABILITY = YES_AGGRESSIVE;
				CLANG_WARN_UNREACHABLE_CODE = YES;
				CLANG_WARN__DUPLICATE_METHOD_MATCH = YES;
				CODE_SIGN_IDENTITY = "iPhone Developer";
				COPY_PHASE_STRIP = NO;
				DEBUG_INFORMATION_FORMAT = dwarf;
				ENABLE_STRICT_OBJC_MSGSEND = YES;
				ENABLE_TESTABILITY = YES;
				GCC_C_LANGUAGE_STANDARD = gnu11;
				GCC_DYNAMIC_NO_PIC = NO;
				GCC_NO_COMMON_BLOCKS = YES;
				GCC_OPTIMIZATION_LEVEL = 0;
				GCC_PREPROCESSOR_DEFINITIONS = (
					"DEBUG=1",
					"$(inherited)",
				);
				GCC_WARN_64_TO_32_BIT_CONVERSION = YES;
				GCC_WARN_ABOUT_RETURN_TYPE = YES_ERROR;
				GCC_WARN_UNDECLARED_SELECTOR = YES;
				GCC_WARN_UNINITIALIZED_AUTOS = YES_AGGRESSIVE;
				GCC_WARN_UNUSED_FUNCTION = YES;
				GCC_WARN_UNUSED_VARIABLE = YES;
				IPHONEOS_DEPLOYMENT_TARGET = 11.4;
				MTL_ENABLE_DEBUG_INFO = YES;
				ONLY_ACTIVE_ARCH = YES;
				SDKROOT = iphoneos;
			};
			name = Debug;
		};
		846706A92100205E00B7D288 /* Release */ = {
			isa = XCBuildConfiguration;
			buildSettings = {
				ALWAYS_SEARCH_USER_PATHS = NO;
				CLANG_ANALYZER_NONNULL = YES;
				CLANG_ANALYZER_NUMBER_OBJECT_CONVERSION = YES_AGGRESSIVE;
				CLANG_CXX_LANGUAGE_STANDARD = "gnu++14";
				CLANG_CXX_LIBRARY = "libc++";
				CLANG_ENABLE_MODULES = YES;
				CLANG_ENABLE_OBJC_ARC = YES;
				CLANG_ENABLE_OBJC_WEAK = YES;
				CLANG_WARN_BLOCK_CAPTURE_AUTORELEASING = YES;
				CLANG_WARN_BOOL_CONVERSION = YES;
				CLANG_WARN_COMMA = YES;
				CLANG_WARN_CONSTANT_CONVERSION = YES;
				CLANG_WARN_DEPRECATED_OBJC_IMPLEMENTATIONS = YES;
				CLANG_WARN_DIRECT_OBJC_ISA_USAGE = YES_ERROR;
				CLANG_WARN_DOCUMENTATION_COMMENTS = YES;
				CLANG_WARN_EMPTY_BODY = YES;
				CLANG_WARN_ENUM_CONVERSION = YES;
				CLANG_WARN_INFINITE_RECURSION = YES;
				CLANG_WARN_INT_CONVERSION = YES;
				CLANG_WARN_NON_LITERAL_NULL_CONVERSION = YES;
				CLANG_WARN_OBJC_IMPLICIT_RETAIN_SELF = YES;
				CLANG_WARN_OBJC_LITERAL_CONVERSION = YES;
				CLANG_WARN_OBJC_ROOT_CLASS = YES_ERROR;
				CLANG_WARN_RANGE_LOOP_ANALYSIS = YES;
				CLANG_WARN_STRICT_PROTOTYPES = YES;
				CLANG_WARN_SUSPICIOUS_MOVE = YES;
				CLANG_WARN_UNGUARDED_AVAILABILITY = YES_AGGRESSIVE;
				CLANG_WARN_UNREACHABLE_CODE = YES;
				CLANG_WARN__DUPLICATE_METHOD_MATCH = YES;
				CODE_SIGN_IDENTITY = "iPhone Developer";
				COPY_PHASE_STRIP = NO;
				DEBUG_INFORMATION_FORMAT = "dwarf-with-dsym";
				ENABLE_NS_ASSERTIONS = NO;
				ENABLE_STRICT_OBJC_MSGSEND = YES;
				GCC_C_LANGUAGE_STANDARD = gnu11;
				GCC_NO_COMMON_BLOCKS = YES;
				GCC_WARN_64_TO_32_BIT_CONVERSION = YES;
				GCC_WARN_ABOUT_RETURN_TYPE = YES_ERROR;
				GCC_WARN_UNDECLARED_SELECTOR = YES;
				GCC_WARN_UNINITIALIZED_AUTOS = YES_AGGRESSIVE;
				GCC_WARN_UNUSED_FUNCTION = YES;
				GCC_WARN_UNUSED_VARIABLE = YES;
				IPHONEOS_DEPLOYMENT_TARGET = 11.4;
				MTL_ENABLE_DEBUG_INFO = NO;
				SDKROOT = iphoneos;
				VALIDATE_PRODUCT = YES;
			};
			name = Release;
		};
		846706AB2100205E00B7D288 /* Debug */ = {
			isa = XCBuildConfiguration;
			baseConfigurationReference = A6FEBCE2E5A6255242A4911A /* Pods-TTToolSamples.debug.xcconfig */;
			buildSettings = {
				ASSETCATALOG_COMPILER_APPICON_NAME = AppIcon;
				CODE_SIGN_STYLE = Automatic;
				DEVELOPMENT_TEAM = Q6GAG79FX3;
				GCC_PRECOMPILE_PREFIX_HEADER = YES;
				GCC_PREFIX_HEADER = TTToolSamples/PrefixHeader.pch;
				INFOPLIST_FILE = TTToolSamples/Info.plist;
				IPHONEOS_DEPLOYMENT_TARGET = 9.0;
				LD_RUNPATH_SEARCH_PATHS = (
					"$(inherited)",
					"@executable_path/Frameworks",
				);
				PRODUCT_BUNDLE_IDENTIFIER = com.demo.TTToolSamples;
				PRODUCT_NAME = "$(TARGET_NAME)";
				TARGETED_DEVICE_FAMILY = "1,2";
			};
			name = Debug;
		};
		846706AC2100205E00B7D288 /* Release */ = {
			isa = XCBuildConfiguration;
			baseConfigurationReference = 07152F5DD6F278EC8B2D15E5 /* Pods-TTToolSamples.release.xcconfig */;
			buildSettings = {
				ASSETCATALOG_COMPILER_APPICON_NAME = AppIcon;
				CODE_SIGN_STYLE = Automatic;
				DEVELOPMENT_TEAM = Q6GAG79FX3;
				GCC_PRECOMPILE_PREFIX_HEADER = YES;
				GCC_PREFIX_HEADER = TTToolSamples/PrefixHeader.pch;
				INFOPLIST_FILE = TTToolSamples/Info.plist;
				IPHONEOS_DEPLOYMENT_TARGET = 9.0;
				LD_RUNPATH_SEARCH_PATHS = (
					"$(inherited)",
					"@executable_path/Frameworks",
				);
				PRODUCT_BUNDLE_IDENTIFIER = com.demo.TTToolSamples;
				PRODUCT_NAME = "$(TARGET_NAME)";
				TARGETED_DEVICE_FAMILY = "1,2";
			};
			name = Release;
		};
/* End XCBuildConfiguration section */

/* Begin XCConfigurationList section */
		8467068F2100205D00B7D288 /* Build configuration list for PBXProject "TTToolSamples" */ = {
			isa = XCConfigurationList;
			buildConfigurations = (
				846706A82100205E00B7D288 /* Debug */,
				846706A92100205E00B7D288 /* Release */,
			);
			defaultConfigurationIsVisible = 0;
			defaultConfigurationName = Release;
		};
		846706AA2100205E00B7D288 /* Build configuration list for PBXNativeTarget "TTToolSamples" */ = {
			isa = XCConfigurationList;
			buildConfigurations = (
				846706AB2100205E00B7D288 /* Debug */,
				846706AC2100205E00B7D288 /* Release */,
			);
			defaultConfigurationIsVisible = 0;
			defaultConfigurationName = Release;
		};
/* End XCConfigurationList section */
	};
	rootObject = 8467068C2100205D00B7D288 /* Project object */;
}
